// !$*UTF8*$!
{
	archiveVersion = 1;
	classes = {
	};
	objectVersion = 50;
	objects = {

/* Begin PBXBuildFile section */
		3E0652F0235F3517009B9B93 /* Scenario.swift in Sources */ = {isa = PBXBuildFile; fileRef = 3E0652EF235F3517009B9B93 /* Scenario.swift */; };
		3E0652F6235F3EF9009B9B93 /* PayerIdScenario.swift in Sources */ = {isa = PBXBuildFile; fileRef = 3E0652F5235F3EF9009B9B93 /* PayerIdScenario.swift */; };
		3E1AF01922AA327800066C80 /* BlippitState.swift in Sources */ = {isa = PBXBuildFile; fileRef = 3E1AF01822AA327800066C80 /* BlippitState.swift */; };
		3E20B66223841886001BEB88 /* ConfigurationError.swift in Sources */ = {isa = PBXBuildFile; fileRef = 3E20B66123841886001BEB88 /* ConfigurationError.swift */; };
		3E20B66423841916001BEB88 /* BluetoothError.swift in Sources */ = {isa = PBXBuildFile; fileRef = 3E20B66323841916001BEB88 /* BluetoothError.swift */; };
		3E20B6682384194B001BEB88 /* PayloadError.swift in Sources */ = {isa = PBXBuildFile; fileRef = 3E20B6672384194B001BEB88 /* PayloadError.swift */; };
		3E20B66A23841965001BEB88 /* AppTerminalError.swift in Sources */ = {isa = PBXBuildFile; fileRef = 3E20B66923841965001BEB88 /* AppTerminalError.swift */; };
		3E20B66C23841A25001BEB88 /* LocationError.swift in Sources */ = {isa = PBXBuildFile; fileRef = 3E20B66B23841A25001BEB88 /* LocationError.swift */; };
		3E20B66F2384296F001BEB88 /* ErrorHandling.swift in Sources */ = {isa = PBXBuildFile; fileRef = 3E20B66E2384296F001BEB88 /* ErrorHandling.swift */; };
		3E20B6712384299E001BEB88 /* ErrorHandler.swift in Sources */ = {isa = PBXBuildFile; fileRef = 3E20B6702384299E001BEB88 /* ErrorHandler.swift */; };
		3E23C239228C2AA800DA3305 /* CancellablePodSessionState.swift in Sources */ = {isa = PBXBuildFile; fileRef = 3E23C238228C2AA800DA3305 /* CancellablePodSessionState.swift */; };
		3E23C23B228C2E0100DA3305 /* PodSessionStateObserving.swift in Sources */ = {isa = PBXBuildFile; fileRef = 3E23C23A228C2E0100DA3305 /* PodSessionStateObserving.swift */; };
		3E23C23D228C2F0800DA3305 /* ValidPodSessionStateObserving.swift in Sources */ = {isa = PBXBuildFile; fileRef = 3E23C23C228C2F0800DA3305 /* ValidPodSessionStateObserving.swift */; };
		3E23C23F228C32FD00DA3305 /* DefaultPodSessionStateObservingState.swift in Sources */ = {isa = PBXBuildFile; fileRef = 3E23C23E228C32FD00DA3305 /* DefaultPodSessionStateObservingState.swift */; };
		3E23C241228C35D800DA3305 /* SetupTransferIdState.swift in Sources */ = {isa = PBXBuildFile; fileRef = 3E23C240228C35D800DA3305 /* SetupTransferIdState.swift */; };
		3E23C245228C3DC700DA3305 /* CancellationHandler.swift in Sources */ = {isa = PBXBuildFile; fileRef = 3E23C244228C3DC700DA3305 /* CancellationHandler.swift */; };
		3E23C252228C4B4E00DA3305 /* StateOutput+Equatable.swift in Sources */ = {isa = PBXBuildFile; fileRef = 3E23C251228C4B4E00DA3305 /* StateOutput+Equatable.swift */; };
		3E38F90622819EB100C114B7 /* State.swift in Sources */ = {isa = PBXBuildFile; fileRef = 3E38F90522819EB100C114B7 /* State.swift */; };
		3E38F90822819EE300C114B7 /* StateOutput.swift in Sources */ = {isa = PBXBuildFile; fileRef = 3E38F90722819EE300C114B7 /* StateOutput.swift */; };
		3E38F90A22819F3600C114B7 /* StateDelegate.swift in Sources */ = {isa = PBXBuildFile; fileRef = 3E38F90922819F3600C114B7 /* StateDelegate.swift */; };
		3E38F90C2281A09600C114B7 /* Startable.swift in Sources */ = {isa = PBXBuildFile; fileRef = 3E38F90B2281A09600C114B7 /* Startable.swift */; };
		3E38F90E2281A0ED00C114B7 /* PodzStatusObserving.swift in Sources */ = {isa = PBXBuildFile; fileRef = 3E38F90D2281A0ED00C114B7 /* PodzStatusObserving.swift */; };
		3E38F9122281A16500C114B7 /* DefaultPodzStatusObservingState.swift in Sources */ = {isa = PBXBuildFile; fileRef = 3E38F9112281A16500C114B7 /* DefaultPodzStatusObservingState.swift */; };
		3E38F9162281A2A200C114B7 /* StartingState.swift in Sources */ = {isa = PBXBuildFile; fileRef = 3E38F9152281A2A200C114B7 /* StartingState.swift */; };
		3E38F9192281AB9300C114B7 /* DummyPodz.swift in Sources */ = {isa = PBXBuildFile; fileRef = 3E38F9182281AB9300C114B7 /* DummyPodz.swift */; };
		3E38F91D2281BB2F00C114B7 /* DummyDefaultPodzStatusObservingState.swift in Sources */ = {isa = PBXBuildFile; fileRef = 3E38F91A2281BA8000C114B7 /* DummyDefaultPodzStatusObservingState.swift */; };
		3E38F91F2281C44000C114B7 /* DefaultPodzStatusObservingStateSpec.swift in Sources */ = {isa = PBXBuildFile; fileRef = 3E38F91E2281C44000C114B7 /* DefaultPodzStatusObservingStateSpec.swift */; };
		3E3EF65223EACC8B00EB1414 /* Vibrate.m in Sources */ = {isa = PBXBuildFile; fileRef = 3E3EF65123EACC8B00EB1414 /* Vibrate.m */; };
		3E3EF65523EAD3C300EB1414 /* PropertyStorage.swift in Sources */ = {isa = PBXBuildFile; fileRef = 3E3EF65423EAD3C300EB1414 /* PropertyStorage.swift */; };
		3E3EF65F23EADA9800EB1414 /* PropertyStorage+Shared.swift in Sources */ = {isa = PBXBuildFile; fileRef = 3E3EF65E23EADA9800EB1414 /* PropertyStorage+Shared.swift */; };
		3E3EF66B23EAE06300EB1414 /* BundleLocator.swift in Sources */ = {isa = PBXBuildFile; fileRef = 3E3EF66A23EAE06300EB1414 /* BundleLocator.swift */; };
		3E3EF67023EAE1A000EB1414 /* PropertyStorage.swift in Sources */ = {isa = PBXBuildFile; fileRef = 3E3EF65423EAD3C300EB1414 /* PropertyStorage.swift */; };
		3E3EF67123EAE1A000EB1414 /* PropertyStorage+Shared.swift in Sources */ = {isa = PBXBuildFile; fileRef = 3E3EF65E23EADA9800EB1414 /* PropertyStorage+Shared.swift */; };
		3E428BE12297EB670038FBB9 /* AppDelegate.swift in Sources */ = {isa = PBXBuildFile; fileRef = 3E428BE02297EB670038FBB9 /* AppDelegate.swift */; };
		3E428BE82297EB680038FBB9 /* Assets.xcassets in Resources */ = {isa = PBXBuildFile; fileRef = 3E428BE72297EB680038FBB9 /* Assets.xcassets */; };
		3E428BEB2297EB680038FBB9 /* LaunchScreen.storyboard in Resources */ = {isa = PBXBuildFile; fileRef = 3E428BE92297EB680038FBB9 /* LaunchScreen.storyboard */; };
		3E428BF52297EC6C0038FBB9 /* BlippitKit.framework in Frameworks */ = {isa = PBXBuildFile; fileRef = 3EBAC765227C2CA200D5C693 /* BlippitKit.framework */; };
		3E428BF62297EC6C0038FBB9 /* BlippitKit.framework in Embed Frameworks */ = {isa = PBXBuildFile; fileRef = 3EBAC765227C2CA200D5C693 /* BlippitKit.framework */; settings = {ATTRIBUTES = (CodeSignOnCopy, RemoveHeadersOnCopy, ); }; };
		3E4D1E7F23741EF000DE7187 /* StateTransition.swift in Sources */ = {isa = PBXBuildFile; fileRef = 3E4D1E7E23741EF000DE7187 /* StateTransition.swift */; };
		3E4D4BDD23EC1E1F00B6040D /* SimpleLinearGradientView.swift in Sources */ = {isa = PBXBuildFile; fileRef = 3E4D4BDB23EC1CF300B6040D /* SimpleLinearGradientView.swift */; };
		3E4D4BEA23EC593700B6040D /* KeyboardHandler.swift in Sources */ = {isa = PBXBuildFile; fileRef = 3E4D4BDE23EC568E00B6040D /* KeyboardHandler.swift */; };
		3E4D4BEC23EC593700B6040D /* KeyboardHandling.swift in Sources */ = {isa = PBXBuildFile; fileRef = 3E4D4BE323EC588C00B6040D /* KeyboardHandling.swift */; };
		3E4D4BED23EC593700B6040D /* KeyboardInfo.swift in Sources */ = {isa = PBXBuildFile; fileRef = 3E4D4BE023EC573700B6040D /* KeyboardInfo.swift */; };
		3E540F1223ED9AB2005DA811 /* PropertyKeys+Blippit.swift in Sources */ = {isa = PBXBuildFile; fileRef = 3E540F1123ED9AB2005DA811 /* PropertyKeys+Blippit.swift */; };
		3E540F1323ED9AD2005DA811 /* PropertyKeys+Blippit.swift in Sources */ = {isa = PBXBuildFile; fileRef = 3E540F1123ED9AB2005DA811 /* PropertyKeys+Blippit.swift */; };
		3E65B3C823EB825B00456BFB /* BlippitState+LogDescription.swift in Sources */ = {isa = PBXBuildFile; fileRef = 3E65B3C623EB823400456BFB /* BlippitState+LogDescription.swift */; };
		3E722AFE237421B500A1E6F7 /* StateTransition+Equatable.swift in Sources */ = {isa = PBXBuildFile; fileRef = 3E722AFD237421B500A1E6F7 /* StateTransition+Equatable.swift */; };
		3E722B002374295600A1E6F7 /* LostPodObserving.swift in Sources */ = {isa = PBXBuildFile; fileRef = 3E722AFF2374295600A1E6F7 /* LostPodObserving.swift */; };
		3E8E0FD22297FB6C001B1C35 /* BlippitSetup.swift in Sources */ = {isa = PBXBuildFile; fileRef = 3E8E0FD12297FB6C001B1C35 /* BlippitSetup.swift */; };
		3E97FA3522803641003419AE /* BlippitKit.framework in Frameworks */ = {isa = PBXBuildFile; fileRef = 3EBAC765227C2CA200D5C693 /* BlippitKit.framework */; };
		3E97FA422280385B003419AE /* Cuckoo.framework in Frameworks */ = {isa = PBXBuildFile; fileRef = 3E97FA412280385B003419AE /* Cuckoo.framework */; };
		3E97FA4322803869003419AE /* Cuckoo.framework in CopyFiles */ = {isa = PBXBuildFile; fileRef = 3E97FA412280385B003419AE /* Cuckoo.framework */; settings = {ATTRIBUTES = (CodeSignOnCopy, RemoveHeadersOnCopy, ); }; };
		3E97FA4722804537003419AE /* Mocks.generated.swift in Sources */ = {isa = PBXBuildFile; fileRef = 3E97FA4622804537003419AE /* Mocks.generated.swift */; };
		3E97FA4E228053B2003419AE /* Quick.framework in Frameworks */ = {isa = PBXBuildFile; fileRef = 3E97FA4D228053B2003419AE /* Quick.framework */; };
		3E97FA50228053BF003419AE /* Nimble.framework in Frameworks */ = {isa = PBXBuildFile; fileRef = 3E97FA4F228053BF003419AE /* Nimble.framework */; };
		3E97FA51228053CC003419AE /* Quick.framework in CopyFiles */ = {isa = PBXBuildFile; fileRef = 3E97FA4D228053B2003419AE /* Quick.framework */; settings = {ATTRIBUTES = (CodeSignOnCopy, RemoveHeadersOnCopy, ); }; };
		3E97FA52228053D0003419AE /* Nimble.framework in CopyFiles */ = {isa = PBXBuildFile; fileRef = 3E97FA4F228053BF003419AE /* Nimble.framework */; settings = {ATTRIBUTES = (CodeSignOnCopy, RemoveHeadersOnCopy, ); }; };
		3E9DF2BF23C84BAA00C4AB37 /* BaseScenario.swift in Sources */ = {isa = PBXBuildFile; fileRef = 3E9DF2BE23C84BAA00C4AB37 /* BaseScenario.swift */; };
		3EAABD672297EEB800C0A37A /* MainViewController.swift in Sources */ = {isa = PBXBuildFile; fileRef = 3EAABD662297EEB800C0A37A /* MainViewController.swift */; };
		3EAABD6A2297F3C200C0A37A /* Error+LogDescription.swift in Sources */ = {isa = PBXBuildFile; fileRef = 3EAABD692297F3C200C0A37A /* Error+LogDescription.swift */; };
		3EAABD6C2297F3E500C0A37A /* MainViewController.storyboard in Resources */ = {isa = PBXBuildFile; fileRef = 3EAABD6B2297F3E500C0A37A /* MainViewController.storyboard */; };
		3EAABD6F2297F42500C0A37A /* UIView+CornerRadius.swift in Sources */ = {isa = PBXBuildFile; fileRef = 3EAABD6E2297F42500C0A37A /* UIView+CornerRadius.swift */; };
		3EAE57272358918E00645E7A /* TransferPayerIdState.swift in Sources */ = {isa = PBXBuildFile; fileRef = 3EAE57262358918E00645E7A /* TransferPayerIdState.swift */; };
		3EAE57292358958100645E7A /* TransferPayerIdStateFactory.swift in Sources */ = {isa = PBXBuildFile; fileRef = 3EAE57282358958100645E7A /* TransferPayerIdStateFactory.swift */; };
		3EAE572B235895AB00645E7A /* DefaultTransferPayerIdStateFactory.swift in Sources */ = {isa = PBXBuildFile; fileRef = 3EAE572A235895AB00645E7A /* DefaultTransferPayerIdStateFactory.swift */; };
		3EB8228E229BC72100826236 /* Secular_One.ttf in Resources */ = {isa = PBXBuildFile; fileRef = 3EAABD6D2297F40200C0A37A /* Secular_One.ttf */; };
		3EB82292229C019400826236 /* Log.swift in Sources */ = {isa = PBXBuildFile; fileRef = 3EB82291229C019400826236 /* Log.swift */; };
		3EB82295229C1A9000826236 /* Error+LogDescription.swift in Sources */ = {isa = PBXBuildFile; fileRef = 3EB82294229C1A9000826236 /* Error+LogDescription.swift */; };
		3EB82297229C1AD000826236 /* State+LogDescription.swift in Sources */ = {isa = PBXBuildFile; fileRef = 3EB82296229C1AD000826236 /* State+LogDescription.swift */; };
		3EBAC76A227C2CA200D5C693 /* BlippitKit.h in Headers */ = {isa = PBXBuildFile; fileRef = 3EBAC768227C2CA200D5C693 /* BlippitKit.h */; settings = {ATTRIBUTES = (Public, ); }; };
		3EC4DE45228306F1007A05C9 /* PodStateObserving.swift in Sources */ = {isa = PBXBuildFile; fileRef = 3EC4DE44228306F1007A05C9 /* PodStateObserving.swift */; };
		3EC4DE472283073A007A05C9 /* WaitForBlipState.swift in Sources */ = {isa = PBXBuildFile; fileRef = 3EC4DE462283073A007A05C9 /* WaitForBlipState.swift */; };
		3EC4DE4B228308D4007A05C9 /* DummyPod.swift in Sources */ = {isa = PBXBuildFile; fileRef = 3EC4DE4A228308D4007A05C9 /* DummyPod.swift */; };
		3EC4DE4D22830991007A05C9 /* DummyPodSession.swift in Sources */ = {isa = PBXBuildFile; fileRef = 3EC4DE4C22830991007A05C9 /* DummyPodSession.swift */; };
		3EC4DE4F22830CA2007A05C9 /* WaitForBlipStateSpec.swift in Sources */ = {isa = PBXBuildFile; fileRef = 3EC4DE4E22830CA2007A05C9 /* WaitForBlipStateSpec.swift */; };
		3EC79741228025BE00AD79CE /* Cancellable.swift in Sources */ = {isa = PBXBuildFile; fileRef = 3EC79740228025BE00AD79CE /* Cancellable.swift */; };
		3EDB14B423604E130026889F /* Payload+Random.swift in Sources */ = {isa = PBXBuildFile; fileRef = 3EDB14B323604E130026889F /* Payload+Random.swift */; };
		3EDB14B7236081A40026889F /* ScenarioDelegate.swift in Sources */ = {isa = PBXBuildFile; fileRef = 3EDB14B6236081A40026889F /* ScenarioDelegate.swift */; };
		3EDB14B92360820D0026889F /* ScenarioFactory.swift in Sources */ = {isa = PBXBuildFile; fileRef = 3EDB14B82360820D0026889F /* ScenarioFactory.swift */; };
		3EDB14BD236082F60026889F /* PayerIdScenarioFactory.swift in Sources */ = {isa = PBXBuildFile; fileRef = 3EDB14BC236082F60026889F /* PayerIdScenarioFactory.swift */; };
		3EE673B422B77BF2004EC0E5 /* NewPodObserving.swift in Sources */ = {isa = PBXBuildFile; fileRef = 3EE673B322B77BF2004EC0E5 /* NewPodObserving.swift */; };
		3EE673B622B77C6E004EC0E5 /* WaitForPodState.swift in Sources */ = {isa = PBXBuildFile; fileRef = 3EE673B522B77C6E004EC0E5 /* WaitForPodState.swift */; };
		3EE673B822B77D78004EC0E5 /* WaitForPodStateFactory.swift in Sources */ = {isa = PBXBuildFile; fileRef = 3EE673B722B77D78004EC0E5 /* WaitForPodStateFactory.swift */; };
		3EE673BA22B77DD0004EC0E5 /* DefaultWaitForPodStateFactory.swift in Sources */ = {isa = PBXBuildFile; fileRef = 3EE673B922B77DD0004EC0E5 /* DefaultWaitForPodStateFactory.swift */; };
		3EFADD21228D4D5300B3559A /* RetryHandling.swift in Sources */ = {isa = PBXBuildFile; fileRef = 3EFADD20228D4D5300B3559A /* RetryHandling.swift */; };
		3EFADD23228D4D5E00B3559A /* RetryHandler.swift in Sources */ = {isa = PBXBuildFile; fileRef = 3EFADD22228D4D5E00B3559A /* RetryHandler.swift */; };
		3EFADD25228D4D6500B3559A /* RetryHandlerFactory.swift in Sources */ = {isa = PBXBuildFile; fileRef = 3EFADD24228D4D6500B3559A /* RetryHandlerFactory.swift */; };
		3EFADD27228D4D6A00B3559A /* DefaultRetryHandlerFactory.swift in Sources */ = {isa = PBXBuildFile; fileRef = 3EFADD26228D4D6900B3559A /* DefaultRetryHandlerFactory.swift */; };
		3EFADD29228D4D8A00B3559A /* TransferIdState.swift in Sources */ = {isa = PBXBuildFile; fileRef = 3EFADD28228D4D8A00B3559A /* TransferIdState.swift */; };
		3EFADD30228D53B100B3559A /* Blippit.swift in Sources */ = {isa = PBXBuildFile; fileRef = 3EFADD2F228D53B100B3559A /* Blippit.swift */; };
		3EFADD34228D567E00B3559A /* BlippitDelegate.swift in Sources */ = {isa = PBXBuildFile; fileRef = 3EFADD33228D567E00B3559A /* BlippitDelegate.swift */; };
		3EFADD36228D56C000B3559A /* DefaultBlippit.swift in Sources */ = {isa = PBXBuildFile; fileRef = 3EFADD35228D56C000B3559A /* DefaultBlippit.swift */; };
		3EFADD48228D999800B3559A /* StartingStateFactory.swift in Sources */ = {isa = PBXBuildFile; fileRef = 3EFADD47228D999800B3559A /* StartingStateFactory.swift */; };
		3EFADD4A228D99BB00B3559A /* DefaultStartingStateFactory.swift in Sources */ = {isa = PBXBuildFile; fileRef = 3EFADD49228D99BB00B3559A /* DefaultStartingStateFactory.swift */; };
		3EFADD4C228D9ADF00B3559A /* WaitForBlipStateFactory.swift in Sources */ = {isa = PBXBuildFile; fileRef = 3EFADD4B228D9ADF00B3559A /* WaitForBlipStateFactory.swift */; };
		3EFADD4E228D9B0000B3559A /* DefaultWaitForBlipStateFactory.swift in Sources */ = {isa = PBXBuildFile; fileRef = 3EFADD4D228D9B0000B3559A /* DefaultWaitForBlipStateFactory.swift */; };
		3EFADD50228D9D2900B3559A /* SetupTransferIdStateFactory.swift in Sources */ = {isa = PBXBuildFile; fileRef = 3EFADD4F228D9D2900B3559A /* SetupTransferIdStateFactory.swift */; };
		3EFADD52228D9D8200B3559A /* DefaultSetupTransferIdStateFactory.swift in Sources */ = {isa = PBXBuildFile; fileRef = 3EFADD51228D9D8200B3559A /* DefaultSetupTransferIdStateFactory.swift */; };
		3EFDCAC22282F42400774A21 /* StartingStateSpec.swift in Sources */ = {isa = PBXBuildFile; fileRef = 3EFDCAC12282F42400774A21 /* StartingStateSpec.swift */; };
		830EEF77239E6E4300ED008C /* BlippitInfo.swift in Sources */ = {isa = PBXBuildFile; fileRef = 830EEF76239E6E4300ED008C /* BlippitInfo.swift */; };
		EC546BEC2387F5E1003142FA /* PodzKit.framework in Frameworks */ = {isa = PBXBuildFile; fileRef = EC546BEB2387F5E1003142FA /* PodzKit.framework */; };
		EC546BEF2387F76C003142FA /* PodzKit.framework in Frameworks */ = {isa = PBXBuildFile; fileRef = EC546BEB2387F5E1003142FA /* PodzKit.framework */; };
		EC546BF02387F76C003142FA /* PodzKit.framework in Embed Frameworks */ = {isa = PBXBuildFile; fileRef = EC546BEB2387F5E1003142FA /* PodzKit.framework */; settings = {ATTRIBUTES = (CodeSignOnCopy, RemoveHeadersOnCopy, ); }; };
		EC6F8F6723E058C300082721 /* Payload.swift in Sources */ = {isa = PBXBuildFile; fileRef = EC6F8F6623E058C300082721 /* Payload.swift */; };
		EC78AC692387FCEA006D3EC3 /* PodzKit.framework in Frameworks */ = {isa = PBXBuildFile; fileRef = EC546BEB2387F5E1003142FA /* PodzKit.framework */; };
		EC92D7D12387FD70000A8BB6 /* PodzKit.framework in CopyFiles */ = {isa = PBXBuildFile; fileRef = EC546BEB2387F5E1003142FA /* PodzKit.framework */; settings = {ATTRIBUTES = (CodeSignOnCopy, RemoveHeadersOnCopy, ); }; };
/* End PBXBuildFile section */

/* Begin PBXContainerItemProxy section */
		3E428BF72297EC6C0038FBB9 /* PBXContainerItemProxy */ = {
			isa = PBXContainerItemProxy;
			containerPortal = 3EBAC75C227C2CA200D5C693 /* Project object */;
			proxyType = 1;
			remoteGlobalIDString = 3EBAC764227C2CA200D5C693;
			remoteInfo = Blippit;
		};
		3E97FA3622803641003419AE /* PBXContainerItemProxy */ = {
			isa = PBXContainerItemProxy;
			containerPortal = 3EBAC75C227C2CA200D5C693 /* Project object */;
			proxyType = 1;
			remoteGlobalIDString = 3EBAC764227C2CA200D5C693;
			remoteInfo = Blippit;
		};
/* End PBXContainerItemProxy section */

/* Begin PBXCopyFilesBuildPhase section */
		3E428BF42297EC690038FBB9 /* Embed Frameworks */ = {
			isa = PBXCopyFilesBuildPhase;
			buildActionMask = 2147483647;
			dstPath = "";
			dstSubfolderSpec = 10;
			files = (
				EC546BF02387F76C003142FA /* PodzKit.framework in Embed Frameworks */,
				3E428BF62297EC6C0038FBB9 /* BlippitKit.framework in Embed Frameworks */,
			);
			name = "Embed Frameworks";
			runOnlyForDeploymentPostprocessing = 0;
		};
		3E97FA3F228037EB003419AE /* CopyFiles */ = {
			isa = PBXCopyFilesBuildPhase;
			buildActionMask = 2147483647;
			dstPath = "";
			dstSubfolderSpec = 10;
			files = (
				EC92D7D12387FD70000A8BB6 /* PodzKit.framework in CopyFiles */,
				3E97FA52228053D0003419AE /* Nimble.framework in CopyFiles */,
				3E97FA51228053CC003419AE /* Quick.framework in CopyFiles */,
				3E97FA4322803869003419AE /* Cuckoo.framework in CopyFiles */,
			);
			runOnlyForDeploymentPostprocessing = 0;
		};
/* End PBXCopyFilesBuildPhase section */

/* Begin PBXFileReference section */
		3E0652EF235F3517009B9B93 /* Scenario.swift */ = {isa = PBXFileReference; lastKnownFileType = sourcecode.swift; path = Scenario.swift; sourceTree = "<group>"; };
		3E0652F5235F3EF9009B9B93 /* PayerIdScenario.swift */ = {isa = PBXFileReference; lastKnownFileType = sourcecode.swift; path = PayerIdScenario.swift; sourceTree = "<group>"; };
		3E1AF01822AA327800066C80 /* BlippitState.swift */ = {isa = PBXFileReference; lastKnownFileType = sourcecode.swift; path = BlippitState.swift; sourceTree = "<group>"; };
		3E20B66123841886001BEB88 /* ConfigurationError.swift */ = {isa = PBXFileReference; lastKnownFileType = sourcecode.swift; path = ConfigurationError.swift; sourceTree = "<group>"; };
		3E20B66323841916001BEB88 /* BluetoothError.swift */ = {isa = PBXFileReference; lastKnownFileType = sourcecode.swift; path = BluetoothError.swift; sourceTree = "<group>"; };
		3E20B6672384194B001BEB88 /* PayloadError.swift */ = {isa = PBXFileReference; lastKnownFileType = sourcecode.swift; path = PayloadError.swift; sourceTree = "<group>"; };
		3E20B66923841965001BEB88 /* AppTerminalError.swift */ = {isa = PBXFileReference; lastKnownFileType = sourcecode.swift; path = AppTerminalError.swift; sourceTree = "<group>"; };
		3E20B66B23841A25001BEB88 /* LocationError.swift */ = {isa = PBXFileReference; lastKnownFileType = sourcecode.swift; path = LocationError.swift; sourceTree = "<group>"; };
		3E20B66E2384296F001BEB88 /* ErrorHandling.swift */ = {isa = PBXFileReference; lastKnownFileType = sourcecode.swift; path = ErrorHandling.swift; sourceTree = "<group>"; };
		3E20B6702384299E001BEB88 /* ErrorHandler.swift */ = {isa = PBXFileReference; lastKnownFileType = sourcecode.swift; path = ErrorHandler.swift; sourceTree = "<group>"; };
		3E23C238228C2AA800DA3305 /* CancellablePodSessionState.swift */ = {isa = PBXFileReference; fileEncoding = 4; lastKnownFileType = sourcecode.swift; path = CancellablePodSessionState.swift; sourceTree = "<group>"; };
		3E23C23A228C2E0100DA3305 /* PodSessionStateObserving.swift */ = {isa = PBXFileReference; lastKnownFileType = sourcecode.swift; path = PodSessionStateObserving.swift; sourceTree = "<group>"; };
		3E23C23C228C2F0800DA3305 /* ValidPodSessionStateObserving.swift */ = {isa = PBXFileReference; lastKnownFileType = sourcecode.swift; path = ValidPodSessionStateObserving.swift; sourceTree = "<group>"; };
		3E23C23E228C32FD00DA3305 /* DefaultPodSessionStateObservingState.swift */ = {isa = PBXFileReference; lastKnownFileType = sourcecode.swift; path = DefaultPodSessionStateObservingState.swift; sourceTree = "<group>"; };
		3E23C240228C35D800DA3305 /* SetupTransferIdState.swift */ = {isa = PBXFileReference; lastKnownFileType = sourcecode.swift; path = SetupTransferIdState.swift; sourceTree = "<group>"; };
		3E23C244228C3DC700DA3305 /* CancellationHandler.swift */ = {isa = PBXFileReference; lastKnownFileType = sourcecode.swift; path = CancellationHandler.swift; sourceTree = "<group>"; };
		3E23C251228C4B4E00DA3305 /* StateOutput+Equatable.swift */ = {isa = PBXFileReference; lastKnownFileType = sourcecode.swift; path = "StateOutput+Equatable.swift"; sourceTree = "<group>"; };
		3E38F90522819EB100C114B7 /* State.swift */ = {isa = PBXFileReference; lastKnownFileType = sourcecode.swift; path = State.swift; sourceTree = "<group>"; };
		3E38F90722819EE300C114B7 /* StateOutput.swift */ = {isa = PBXFileReference; lastKnownFileType = sourcecode.swift; path = StateOutput.swift; sourceTree = "<group>"; };
		3E38F90922819F3600C114B7 /* StateDelegate.swift */ = {isa = PBXFileReference; lastKnownFileType = sourcecode.swift; path = StateDelegate.swift; sourceTree = "<group>"; };
		3E38F90B2281A09600C114B7 /* Startable.swift */ = {isa = PBXFileReference; lastKnownFileType = sourcecode.swift; path = Startable.swift; sourceTree = "<group>"; };
		3E38F90D2281A0ED00C114B7 /* PodzStatusObserving.swift */ = {isa = PBXFileReference; lastKnownFileType = sourcecode.swift; path = PodzStatusObserving.swift; sourceTree = "<group>"; };
		3E38F9112281A16500C114B7 /* DefaultPodzStatusObservingState.swift */ = {isa = PBXFileReference; lastKnownFileType = sourcecode.swift; path = DefaultPodzStatusObservingState.swift; sourceTree = "<group>"; };
		3E38F9152281A2A200C114B7 /* StartingState.swift */ = {isa = PBXFileReference; lastKnownFileType = sourcecode.swift; path = StartingState.swift; sourceTree = "<group>"; };
		3E38F9182281AB9300C114B7 /* DummyPodz.swift */ = {isa = PBXFileReference; lastKnownFileType = sourcecode.swift; path = DummyPodz.swift; sourceTree = "<group>"; };
		3E38F91A2281BA8000C114B7 /* DummyDefaultPodzStatusObservingState.swift */ = {isa = PBXFileReference; lastKnownFileType = sourcecode.swift; path = DummyDefaultPodzStatusObservingState.swift; sourceTree = "<group>"; };
		3E38F91E2281C44000C114B7 /* DefaultPodzStatusObservingStateSpec.swift */ = {isa = PBXFileReference; lastKnownFileType = sourcecode.swift; path = DefaultPodzStatusObservingStateSpec.swift; sourceTree = "<group>"; };
		3E3EF64F23EACC8B00EB1414 /* BlippitKitTest-Bridging-Header.h */ = {isa = PBXFileReference; lastKnownFileType = sourcecode.c.h; path = "BlippitKitTest-Bridging-Header.h"; sourceTree = "<group>"; };
		3E3EF65023EACC8B00EB1414 /* Vibrate.h */ = {isa = PBXFileReference; fileEncoding = 4; lastKnownFileType = sourcecode.c.h; path = Vibrate.h; sourceTree = "<group>"; };
		3E3EF65123EACC8B00EB1414 /* Vibrate.m */ = {isa = PBXFileReference; fileEncoding = 4; lastKnownFileType = sourcecode.c.objc; path = Vibrate.m; sourceTree = "<group>"; };
		3E3EF65423EAD3C300EB1414 /* PropertyStorage.swift */ = {isa = PBXFileReference; fileEncoding = 4; lastKnownFileType = sourcecode.swift; path = PropertyStorage.swift; sourceTree = "<group>"; };
		3E3EF65E23EADA9800EB1414 /* PropertyStorage+Shared.swift */ = {isa = PBXFileReference; lastKnownFileType = sourcecode.swift; path = "PropertyStorage+Shared.swift"; sourceTree = "<group>"; };
		3E3EF66A23EAE06300EB1414 /* BundleLocator.swift */ = {isa = PBXFileReference; lastKnownFileType = sourcecode.swift; path = BundleLocator.swift; sourceTree = "<group>"; };
		3E428BDE2297EB670038FBB9 /* BlippitKitTest.app */ = {isa = PBXFileReference; explicitFileType = wrapper.application; includeInIndex = 0; path = BlippitKitTest.app; sourceTree = BUILT_PRODUCTS_DIR; };
		3E428BE02297EB670038FBB9 /* AppDelegate.swift */ = {isa = PBXFileReference; lastKnownFileType = sourcecode.swift; path = AppDelegate.swift; sourceTree = "<group>"; };
		3E428BE72297EB680038FBB9 /* Assets.xcassets */ = {isa = PBXFileReference; lastKnownFileType = folder.assetcatalog; path = Assets.xcassets; sourceTree = "<group>"; };
		3E428BEA2297EB680038FBB9 /* Base */ = {isa = PBXFileReference; lastKnownFileType = file.storyboard; name = Base; path = Base.lproj/LaunchScreen.storyboard; sourceTree = "<group>"; };
		3E428BEC2297EB680038FBB9 /* Info.plist */ = {isa = PBXFileReference; lastKnownFileType = text.plist.xml; path = Info.plist; sourceTree = "<group>"; };
		3E4D1E7E23741EF000DE7187 /* StateTransition.swift */ = {isa = PBXFileReference; lastKnownFileType = sourcecode.swift; path = StateTransition.swift; sourceTree = "<group>"; };
		3E4D4BDB23EC1CF300B6040D /* SimpleLinearGradientView.swift */ = {isa = PBXFileReference; lastKnownFileType = sourcecode.swift; path = SimpleLinearGradientView.swift; sourceTree = "<group>"; };
		3E4D4BDE23EC568E00B6040D /* KeyboardHandler.swift */ = {isa = PBXFileReference; lastKnownFileType = sourcecode.swift; path = KeyboardHandler.swift; sourceTree = "<group>"; };
		3E4D4BE023EC573700B6040D /* KeyboardInfo.swift */ = {isa = PBXFileReference; lastKnownFileType = sourcecode.swift; path = KeyboardInfo.swift; sourceTree = "<group>"; };
		3E4D4BE323EC588C00B6040D /* KeyboardHandling.swift */ = {isa = PBXFileReference; lastKnownFileType = sourcecode.swift; path = KeyboardHandling.swift; sourceTree = "<group>"; };
		3E540F1123ED9AB2005DA811 /* PropertyKeys+Blippit.swift */ = {isa = PBXFileReference; lastKnownFileType = sourcecode.swift; path = "PropertyKeys+Blippit.swift"; sourceTree = "<group>"; };
		3E65B3C623EB823400456BFB /* BlippitState+LogDescription.swift */ = {isa = PBXFileReference; lastKnownFileType = sourcecode.swift; path = "BlippitState+LogDescription.swift"; sourceTree = "<group>"; };
		3E722AFD237421B500A1E6F7 /* StateTransition+Equatable.swift */ = {isa = PBXFileReference; lastKnownFileType = sourcecode.swift; path = "StateTransition+Equatable.swift"; sourceTree = "<group>"; };
		3E722AFF2374295600A1E6F7 /* LostPodObserving.swift */ = {isa = PBXFileReference; lastKnownFileType = sourcecode.swift; path = LostPodObserving.swift; sourceTree = "<group>"; };
		3E8E0FD12297FB6C001B1C35 /* BlippitSetup.swift */ = {isa = PBXFileReference; fileEncoding = 4; lastKnownFileType = sourcecode.swift; path = BlippitSetup.swift; sourceTree = "<group>"; };
		3E97FA2B2280349A003419AE /* Cartfile.private */ = {isa = PBXFileReference; lastKnownFileType = text; path = Cartfile.private; sourceTree = SOURCE_ROOT; };
		3E97FA3022803641003419AE /* BlippitKitTests.xctest */ = {isa = PBXFileReference; explicitFileType = wrapper.cfbundle; includeInIndex = 0; path = BlippitKitTests.xctest; sourceTree = BUILT_PRODUCTS_DIR; };
		3E97FA3422803641003419AE /* Info.plist */ = {isa = PBXFileReference; lastKnownFileType = text.plist.xml; path = Info.plist; sourceTree = "<group>"; };
		3E97FA412280385B003419AE /* Cuckoo.framework */ = {isa = PBXFileReference; lastKnownFileType = wrapper.framework; name = Cuckoo.framework; path = Carthage/Build/iOS/Cuckoo.framework; sourceTree = "<group>"; };
		3E97FA4622804537003419AE /* Mocks.generated.swift */ = {isa = PBXFileReference; fileEncoding = 4; lastKnownFileType = sourcecode.swift; path = Mocks.generated.swift; sourceTree = "<group>"; };
		3E97FA4D228053B2003419AE /* Quick.framework */ = {isa = PBXFileReference; lastKnownFileType = wrapper.framework; name = Quick.framework; path = Carthage/Build/iOS/Quick.framework; sourceTree = "<group>"; };
		3E97FA4F228053BF003419AE /* Nimble.framework */ = {isa = PBXFileReference; lastKnownFileType = wrapper.framework; name = Nimble.framework; path = Carthage/Build/iOS/Nimble.framework; sourceTree = "<group>"; };
		3E9DF2BE23C84BAA00C4AB37 /* BaseScenario.swift */ = {isa = PBXFileReference; lastKnownFileType = sourcecode.swift; path = BaseScenario.swift; sourceTree = "<group>"; };
		3EAABD662297EEB800C0A37A /* MainViewController.swift */ = {isa = PBXFileReference; lastKnownFileType = sourcecode.swift; path = MainViewController.swift; sourceTree = "<group>"; };
		3EAABD692297F3C200C0A37A /* Error+LogDescription.swift */ = {isa = PBXFileReference; lastKnownFileType = sourcecode.swift; path = "Error+LogDescription.swift"; sourceTree = "<group>"; };
		3EAABD6B2297F3E500C0A37A /* MainViewController.storyboard */ = {isa = PBXFileReference; fileEncoding = 4; lastKnownFileType = file.storyboard; path = MainViewController.storyboard; sourceTree = "<group>"; };
		3EAABD6D2297F40200C0A37A /* Secular_One.ttf */ = {isa = PBXFileReference; lastKnownFileType = file; path = Secular_One.ttf; sourceTree = "<group>"; };
		3EAABD6E2297F42500C0A37A /* UIView+CornerRadius.swift */ = {isa = PBXFileReference; fileEncoding = 4; lastKnownFileType = sourcecode.swift; path = "UIView+CornerRadius.swift"; sourceTree = "<group>"; };
		3EAE57262358918E00645E7A /* TransferPayerIdState.swift */ = {isa = PBXFileReference; lastKnownFileType = sourcecode.swift; path = TransferPayerIdState.swift; sourceTree = "<group>"; };
		3EAE57282358958100645E7A /* TransferPayerIdStateFactory.swift */ = {isa = PBXFileReference; lastKnownFileType = sourcecode.swift; path = TransferPayerIdStateFactory.swift; sourceTree = "<group>"; };
		3EAE572A235895AB00645E7A /* DefaultTransferPayerIdStateFactory.swift */ = {isa = PBXFileReference; lastKnownFileType = sourcecode.swift; path = DefaultTransferPayerIdStateFactory.swift; sourceTree = "<group>"; };
		3EB82291229C019400826236 /* Log.swift */ = {isa = PBXFileReference; lastKnownFileType = sourcecode.swift; path = Log.swift; sourceTree = "<group>"; };
		3EB82294229C1A9000826236 /* Error+LogDescription.swift */ = {isa = PBXFileReference; lastKnownFileType = sourcecode.swift; path = "Error+LogDescription.swift"; sourceTree = "<group>"; };
		3EB82296229C1AD000826236 /* State+LogDescription.swift */ = {isa = PBXFileReference; lastKnownFileType = sourcecode.swift; path = "State+LogDescription.swift"; sourceTree = "<group>"; };
		3EBAC765227C2CA200D5C693 /* BlippitKit.framework */ = {isa = PBXFileReference; explicitFileType = wrapper.framework; includeInIndex = 0; path = BlippitKit.framework; sourceTree = BUILT_PRODUCTS_DIR; };
		3EBAC768227C2CA200D5C693 /* BlippitKit.h */ = {isa = PBXFileReference; lastKnownFileType = sourcecode.c.h; path = BlippitKit.h; sourceTree = "<group>"; };
		3EBAC769227C2CA200D5C693 /* Info.plist */ = {isa = PBXFileReference; lastKnownFileType = text.plist.xml; path = Info.plist; sourceTree = "<group>"; };
		3EBAC770227C2FC200D5C693 /* Cartfile */ = {isa = PBXFileReference; fileEncoding = 4; lastKnownFileType = text; path = Cartfile; sourceTree = SOURCE_ROOT; };
		3EC4DE44228306F1007A05C9 /* PodStateObserving.swift */ = {isa = PBXFileReference; lastKnownFileType = sourcecode.swift; path = PodStateObserving.swift; sourceTree = "<group>"; };
		3EC4DE462283073A007A05C9 /* WaitForBlipState.swift */ = {isa = PBXFileReference; lastKnownFileType = sourcecode.swift; path = WaitForBlipState.swift; sourceTree = "<group>"; };
		3EC4DE4A228308D4007A05C9 /* DummyPod.swift */ = {isa = PBXFileReference; lastKnownFileType = sourcecode.swift; path = DummyPod.swift; sourceTree = "<group>"; };
		3EC4DE4C22830991007A05C9 /* DummyPodSession.swift */ = {isa = PBXFileReference; lastKnownFileType = sourcecode.swift; path = DummyPodSession.swift; sourceTree = "<group>"; };
		3EC4DE4E22830CA2007A05C9 /* WaitForBlipStateSpec.swift */ = {isa = PBXFileReference; lastKnownFileType = sourcecode.swift; path = WaitForBlipStateSpec.swift; sourceTree = "<group>"; };
		3EC79740228025BE00AD79CE /* Cancellable.swift */ = {isa = PBXFileReference; lastKnownFileType = sourcecode.swift; path = Cancellable.swift; sourceTree = "<group>"; };
		3EDB14B323604E130026889F /* Payload+Random.swift */ = {isa = PBXFileReference; lastKnownFileType = sourcecode.swift; path = "Payload+Random.swift"; sourceTree = "<group>"; };
		3EDB14B6236081A40026889F /* ScenarioDelegate.swift */ = {isa = PBXFileReference; lastKnownFileType = sourcecode.swift; path = ScenarioDelegate.swift; sourceTree = "<group>"; };
		3EDB14B82360820D0026889F /* ScenarioFactory.swift */ = {isa = PBXFileReference; lastKnownFileType = sourcecode.swift; path = ScenarioFactory.swift; sourceTree = "<group>"; };
		3EDB14BC236082F60026889F /* PayerIdScenarioFactory.swift */ = {isa = PBXFileReference; lastKnownFileType = sourcecode.swift; path = PayerIdScenarioFactory.swift; sourceTree = "<group>"; };
		3EE673B322B77BF2004EC0E5 /* NewPodObserving.swift */ = {isa = PBXFileReference; lastKnownFileType = sourcecode.swift; path = NewPodObserving.swift; sourceTree = "<group>"; };
		3EE673B522B77C6E004EC0E5 /* WaitForPodState.swift */ = {isa = PBXFileReference; lastKnownFileType = sourcecode.swift; path = WaitForPodState.swift; sourceTree = "<group>"; };
		3EE673B722B77D78004EC0E5 /* WaitForPodStateFactory.swift */ = {isa = PBXFileReference; lastKnownFileType = sourcecode.swift; path = WaitForPodStateFactory.swift; sourceTree = "<group>"; };
		3EE673B922B77DD0004EC0E5 /* DefaultWaitForPodStateFactory.swift */ = {isa = PBXFileReference; lastKnownFileType = sourcecode.swift; path = DefaultWaitForPodStateFactory.swift; sourceTree = "<group>"; };
		3EFADD20228D4D5300B3559A /* RetryHandling.swift */ = {isa = PBXFileReference; fileEncoding = 4; lastKnownFileType = sourcecode.swift; path = RetryHandling.swift; sourceTree = "<group>"; };
		3EFADD22228D4D5E00B3559A /* RetryHandler.swift */ = {isa = PBXFileReference; fileEncoding = 4; lastKnownFileType = sourcecode.swift; path = RetryHandler.swift; sourceTree = "<group>"; };
		3EFADD24228D4D6500B3559A /* RetryHandlerFactory.swift */ = {isa = PBXFileReference; fileEncoding = 4; lastKnownFileType = sourcecode.swift; path = RetryHandlerFactory.swift; sourceTree = "<group>"; };
		3EFADD26228D4D6900B3559A /* DefaultRetryHandlerFactory.swift */ = {isa = PBXFileReference; fileEncoding = 4; lastKnownFileType = sourcecode.swift; path = DefaultRetryHandlerFactory.swift; sourceTree = "<group>"; };
		3EFADD28228D4D8A00B3559A /* TransferIdState.swift */ = {isa = PBXFileReference; fileEncoding = 4; lastKnownFileType = sourcecode.swift; path = TransferIdState.swift; sourceTree = "<group>"; };
		3EFADD2F228D53B100B3559A /* Blippit.swift */ = {isa = PBXFileReference; lastKnownFileType = sourcecode.swift; path = Blippit.swift; sourceTree = "<group>"; };
		3EFADD33228D567E00B3559A /* BlippitDelegate.swift */ = {isa = PBXFileReference; lastKnownFileType = sourcecode.swift; path = BlippitDelegate.swift; sourceTree = "<group>"; };
		3EFADD35228D56C000B3559A /* DefaultBlippit.swift */ = {isa = PBXFileReference; fileEncoding = 4; lastKnownFileType = sourcecode.swift; path = DefaultBlippit.swift; sourceTree = "<group>"; };
		3EFADD47228D999800B3559A /* StartingStateFactory.swift */ = {isa = PBXFileReference; lastKnownFileType = sourcecode.swift; path = StartingStateFactory.swift; sourceTree = "<group>"; };
		3EFADD49228D99BB00B3559A /* DefaultStartingStateFactory.swift */ = {isa = PBXFileReference; lastKnownFileType = sourcecode.swift; path = DefaultStartingStateFactory.swift; sourceTree = "<group>"; };
		3EFADD4B228D9ADF00B3559A /* WaitForBlipStateFactory.swift */ = {isa = PBXFileReference; lastKnownFileType = sourcecode.swift; path = WaitForBlipStateFactory.swift; sourceTree = "<group>"; };
		3EFADD4D228D9B0000B3559A /* DefaultWaitForBlipStateFactory.swift */ = {isa = PBXFileReference; lastKnownFileType = sourcecode.swift; path = DefaultWaitForBlipStateFactory.swift; sourceTree = "<group>"; };
		3EFADD4F228D9D2900B3559A /* SetupTransferIdStateFactory.swift */ = {isa = PBXFileReference; lastKnownFileType = sourcecode.swift; path = SetupTransferIdStateFactory.swift; sourceTree = "<group>"; };
		3EFADD51228D9D8200B3559A /* DefaultSetupTransferIdStateFactory.swift */ = {isa = PBXFileReference; lastKnownFileType = sourcecode.swift; path = DefaultSetupTransferIdStateFactory.swift; sourceTree = "<group>"; };
		3EFDCAC12282F42400774A21 /* StartingStateSpec.swift */ = {isa = PBXFileReference; lastKnownFileType = sourcecode.swift; path = StartingStateSpec.swift; sourceTree = "<group>"; };
		8309635123FFD624005ACD04 /* BlippitKitTest.entitlements */ = {isa = PBXFileReference; lastKnownFileType = text.plist.entitlements; path = BlippitKitTest.entitlements; sourceTree = "<group>"; };
		830EEF76239E6E4300ED008C /* BlippitInfo.swift */ = {isa = PBXFileReference; fileEncoding = 4; lastKnownFileType = sourcecode.swift; path = BlippitInfo.swift; sourceTree = "<group>"; };
		EC546BEB2387F5E1003142FA /* PodzKit.framework */ = {isa = PBXFileReference; lastKnownFileType = wrapper.framework; name = PodzKit.framework; path = Carthage/Build/iOS/PodzKit.framework; sourceTree = "<group>"; };
		EC6F8F6623E058C300082721 /* Payload.swift */ = {isa = PBXFileReference; lastKnownFileType = sourcecode.swift; path = Payload.swift; sourceTree = "<group>"; };
/* End PBXFileReference section */

/* Begin PBXFrameworksBuildPhase section */
		3E428BDB2297EB670038FBB9 /* Frameworks */ = {
			isa = PBXFrameworksBuildPhase;
			buildActionMask = 2147483647;
			files = (
				EC546BEF2387F76C003142FA /* PodzKit.framework in Frameworks */,
				3E428BF52297EC6C0038FBB9 /* BlippitKit.framework in Frameworks */,
			);
			runOnlyForDeploymentPostprocessing = 0;
		};
		3E97FA2D22803641003419AE /* Frameworks */ = {
			isa = PBXFrameworksBuildPhase;
			buildActionMask = 2147483647;
			files = (
				EC78AC692387FCEA006D3EC3 /* PodzKit.framework in Frameworks */,
				3E97FA50228053BF003419AE /* Nimble.framework in Frameworks */,
				3E97FA4E228053B2003419AE /* Quick.framework in Frameworks */,
				3E97FA422280385B003419AE /* Cuckoo.framework in Frameworks */,
				3E97FA3522803641003419AE /* BlippitKit.framework in Frameworks */,
			);
			runOnlyForDeploymentPostprocessing = 0;
		};
		3EBAC762227C2CA200D5C693 /* Frameworks */ = {
			isa = PBXFrameworksBuildPhase;
			buildActionMask = 2147483647;
			files = (
				EC546BEC2387F5E1003142FA /* PodzKit.framework in Frameworks */,
			);
			runOnlyForDeploymentPostprocessing = 0;
		};
/* End PBXFrameworksBuildPhase section */

/* Begin PBXGroup section */
		3E0652EE235F34F0009B9B93 /* Scenario Handling */ = {
			isa = PBXGroup;
			children = (
				3E9DF2BE23C84BAA00C4AB37 /* BaseScenario.swift */,
				3E0652F5235F3EF9009B9B93 /* PayerIdScenario.swift */,
				3E0652EF235F3517009B9B93 /* Scenario.swift */,
				3EDB14B6236081A40026889F /* ScenarioDelegate.swift */,
				3EDB14B82360820D0026889F /* ScenarioFactory.swift */,
			);
			path = "Scenario Handling";
			sourceTree = "<group>";
		};
		3E20B66D23842949001BEB88 /* Error Handling */ = {
			isa = PBXGroup;
			children = (
				3E20B6702384299E001BEB88 /* ErrorHandler.swift */,
				3E20B66E2384296F001BEB88 /* ErrorHandling.swift */,
			);
			path = "Error Handling";
			sourceTree = "<group>";
		};
		3E38F90422819E9100C114B7 /* State Machine */ = {
			isa = PBXGroup;
			children = (
				3E23C240228C35D800DA3305 /* SetupTransferIdState.swift */,
				3E38F9152281A2A200C114B7 /* StartingState.swift */,
				3EAE57262358918E00645E7A /* TransferPayerIdState.swift */,
				3EC4DE462283073A007A05C9 /* WaitForBlipState.swift */,
				3EE673B522B77C6E004EC0E5 /* WaitForPodState.swift */,
			);
			path = "State Machine";
			sourceTree = "<group>";
		};
		3E38F9172281A31F00C114B7 /* State Handling */ = {
			isa = PBXGroup;
			children = (
				3E23C238228C2AA800DA3305 /* CancellablePodSessionState.swift */,
				3E23C244228C3DC700DA3305 /* CancellationHandler.swift */,
				3E23C23E228C32FD00DA3305 /* DefaultPodSessionStateObservingState.swift */,
				3E38F9112281A16500C114B7 /* DefaultPodzStatusObservingState.swift */,
				3E722AFF2374295600A1E6F7 /* LostPodObserving.swift */,
				3EE673B322B77BF2004EC0E5 /* NewPodObserving.swift */,
				3E23C23A228C2E0100DA3305 /* PodSessionStateObserving.swift */,
				3EC4DE44228306F1007A05C9 /* PodStateObserving.swift */,
				3E38F90D2281A0ED00C114B7 /* PodzStatusObserving.swift */,
				3EFADD4F228D9D2900B3559A /* SetupTransferIdStateFactory.swift */,
				3E38F90B2281A09600C114B7 /* Startable.swift */,
				3EFADD47228D999800B3559A /* StartingStateFactory.swift */,
				3E38F90522819EB100C114B7 /* State.swift */,
				3E38F90922819F3600C114B7 /* StateDelegate.swift */,
				3E38F90722819EE300C114B7 /* StateOutput.swift */,
				3E4D1E7E23741EF000DE7187 /* StateTransition.swift */,
				3EFADD28228D4D8A00B3559A /* TransferIdState.swift */,
				3EAE57282358958100645E7A /* TransferPayerIdStateFactory.swift */,
				3E23C23C228C2F0800DA3305 /* ValidPodSessionStateObserving.swift */,
				3EFADD4B228D9ADF00B3559A /* WaitForBlipStateFactory.swift */,
				3EE673B722B77D78004EC0E5 /* WaitForPodStateFactory.swift */,
			);
			path = "State Handling";
			sourceTree = "<group>";
		};
		3E428BDF2297EB670038FBB9 /* BlippitTest */ = {
			isa = PBXGroup;
			children = (
				3EAABD682297F39F00C0A37A /* Commons */,
				3E428BF12297EC120038FBB9 /* Entrypoint */,
				3E4D4BE223EC57F200B6040D /* Keyboard Handling */,
				3EAABD652297EE9800C0A37A /* Main Screen */,
				3E428BF02297EB720038FBB9 /* Resources */,
			);
			path = BlippitTest;
			sourceTree = "<group>";
		};
		3E428BF02297EB720038FBB9 /* Resources */ = {
			isa = PBXGroup;
			children = (
				3E428BE72297EB680038FBB9 /* Assets.xcassets */,
				8309635123FFD624005ACD04 /* BlippitKitTest.entitlements */,
				3E428BEC2297EB680038FBB9 /* Info.plist */,
				3E428BE92297EB680038FBB9 /* LaunchScreen.storyboard */,
				3EAABD6D2297F40200C0A37A /* Secular_One.ttf */,
			);
			path = Resources;
			sourceTree = "<group>";
		};
		3E428BF12297EC120038FBB9 /* Entrypoint */ = {
			isa = PBXGroup;
			children = (
				3E428BE02297EB670038FBB9 /* AppDelegate.swift */,
			);
			path = Entrypoint;
			sourceTree = "<group>";
		};
		3E4D4BE223EC57F200B6040D /* Keyboard Handling */ = {
			isa = PBXGroup;
			children = (
				3E4D4BDE23EC568E00B6040D /* KeyboardHandler.swift */,
				3E4D4BE323EC588C00B6040D /* KeyboardHandling.swift */,
				3E4D4BE023EC573700B6040D /* KeyboardInfo.swift */,
			);
			path = "Keyboard Handling";
			sourceTree = "<group>";
		};
		3E53531A22956F72004FD948 /* Construction Root */ = {
			isa = PBXGroup;
			children = (
				3EFADD26228D4D6900B3559A /* DefaultRetryHandlerFactory.swift */,
				3EFADD51228D9D8200B3559A /* DefaultSetupTransferIdStateFactory.swift */,
				3EFADD49228D99BB00B3559A /* DefaultStartingStateFactory.swift */,
				3EAE572A235895AB00645E7A /* DefaultTransferPayerIdStateFactory.swift */,
				3EFADD4D228D9B0000B3559A /* DefaultWaitForBlipStateFactory.swift */,
				3EE673B922B77DD0004EC0E5 /* DefaultWaitForPodStateFactory.swift */,
				3EDB14BC236082F60026889F /* PayerIdScenarioFactory.swift */,
			);
			path = "Construction Root";
			sourceTree = "<group>";
		};
		3E540F1923EDAE82005DA811 /* Property Handling */ = {
			isa = PBXGroup;
			children = (
				3E540F1123ED9AB2005DA811 /* PropertyKeys+Blippit.swift */,
				3E3EF65423EAD3C300EB1414 /* PropertyStorage.swift */,
				3E3EF65E23EADA9800EB1414 /* PropertyStorage+Shared.swift */,
			);
			path = "Property Handling";
			sourceTree = "<group>";
		};
		3E97FA3122803641003419AE /* BlippitTests */ = {
			isa = PBXGroup;
			children = (
				3E9EA1862281828C00B1B837 /* Commons */,
				3E97FA45228039D0003419AE /* Mocks */,
				3E97FA5322805417003419AE /* Resources */,
				3E97FA542280545F003419AE /* Tests */,
			);
			path = BlippitTests;
			sourceTree = "<group>";
		};
		3E97FA45228039D0003419AE /* Mocks */ = {
			isa = PBXGroup;
			children = (
				3E38F91A2281BA8000C114B7 /* DummyDefaultPodzStatusObservingState.swift */,
				3EC4DE4A228308D4007A05C9 /* DummyPod.swift */,
				3EC4DE4C22830991007A05C9 /* DummyPodSession.swift */,
				3E38F9182281AB9300C114B7 /* DummyPodz.swift */,
				3E97FA4622804537003419AE /* Mocks.generated.swift */,
			);
			path = Mocks;
			sourceTree = "<group>";
		};
		3E97FA5322805417003419AE /* Resources */ = {
			isa = PBXGroup;
			children = (
				3E97FA3422803641003419AE /* Info.plist */,
			);
			path = Resources;
			sourceTree = "<group>";
		};
		3E97FA542280545F003419AE /* Tests */ = {
			isa = PBXGroup;
			children = (
				3E38F91E2281C44000C114B7 /* DefaultPodzStatusObservingStateSpec.swift */,
				3EFDCAC12282F42400774A21 /* StartingStateSpec.swift */,
				3EC4DE4E22830CA2007A05C9 /* WaitForBlipStateSpec.swift */,
			);
			path = Tests;
			sourceTree = "<group>";
		};
		3E9EA1862281828C00B1B837 /* Commons */ = {
			isa = PBXGroup;
			children = (
				3E23C251228C4B4E00DA3305 /* StateOutput+Equatable.swift */,
				3E722AFD237421B500A1E6F7 /* StateTransition+Equatable.swift */,
			);
			path = Commons;
			sourceTree = "<group>";
		};
		3EAABD652297EE9800C0A37A /* Main Screen */ = {
			isa = PBXGroup;
			children = (
				3EAABD6B2297F3E500C0A37A /* MainViewController.storyboard */,
				3EAABD662297EEB800C0A37A /* MainViewController.swift */,
			);
			path = "Main Screen";
			sourceTree = "<group>";
		};
		3EAABD682297F39F00C0A37A /* Commons */ = {
			isa = PBXGroup;
			children = (
				3E3EF64F23EACC8B00EB1414 /* BlippitKitTest-Bridging-Header.h */,
				3E65B3C623EB823400456BFB /* BlippitState+LogDescription.swift */,
				3EAABD692297F3C200C0A37A /* Error+LogDescription.swift */,
				3EDB14B323604E130026889F /* Payload+Random.swift */,
				3E4D4BDB23EC1CF300B6040D /* SimpleLinearGradientView.swift */,
				3EAABD6E2297F42500C0A37A /* UIView+CornerRadius.swift */,
				3E3EF65023EACC8B00EB1414 /* Vibrate.h */,
				3E3EF65123EACC8B00EB1414 /* Vibrate.m */,
			);
			path = Commons;
			sourceTree = "<group>";
		};
		3EAEA7FD2280109F008B7E77 /* Resources */ = {
			isa = PBXGroup;
			children = (
				3EBAC768227C2CA200D5C693 /* BlippitKit.h */,
				3EBAC770227C2FC200D5C693 /* Cartfile */,
				3E97FA2B2280349A003419AE /* Cartfile.private */,
				3EBAC769227C2CA200D5C693 /* Info.plist */,
			);
			path = Resources;
			sourceTree = "<group>";
		};
		3EB82293229C15D700826236 /* Logging */ = {
			isa = PBXGroup;
			children = (
				3EB82294229C1A9000826236 /* Error+LogDescription.swift */,
				3EB82291229C019400826236 /* Log.swift */,
				3EB82296229C1AD000826236 /* State+LogDescription.swift */,
			);
			path = Logging;
			sourceTree = "<group>";
		};
		3EBAC75B227C2CA200D5C693 = {
			isa = PBXGroup;
			children = (
				3EBAC767227C2CA200D5C693 /* Blippit */,
				3E97FA3122803641003419AE /* BlippitTests */,
				3E428BDF2297EB670038FBB9 /* BlippitTest */,
				3EBAC766227C2CA200D5C693 /* Products */,
				3EBAC772227C30A500D5C693 /* Frameworks */,
			);
			sourceTree = "<group>";
		};
		3EBAC766227C2CA200D5C693 /* Products */ = {
			isa = PBXGroup;
			children = (
				3EBAC765227C2CA200D5C693 /* BlippitKit.framework */,
				3E97FA3022803641003419AE /* BlippitKitTests.xctest */,
				3E428BDE2297EB670038FBB9 /* BlippitKitTest.app */,
			);
			name = Products;
			sourceTree = "<group>";
		};
		3EBAC767227C2CA200D5C693 /* Blippit */ = {
			isa = PBXGroup;
			children = (
				3EC79744228026F100AD79CE /* Commons */,
				3E53531A22956F72004FD948 /* Construction Root */,
				3EFADD2C228D532300B3559A /* Entrypoint */,
				3E20B66D23842949001BEB88 /* Error Handling */,
				3EB82293229C15D700826236 /* Logging */,
				3E540F1923EDAE82005DA811 /* Property Handling */,
				3EAEA7FD2280109F008B7E77 /* Resources */,
				3EFADD1F228D4BF500B3559A /* Retry Handling */,
				3E0652EE235F34F0009B9B93 /* Scenario Handling */,
				3E38F9172281A31F00C114B7 /* State Handling */,
				3E38F90422819E9100C114B7 /* State Machine */,
			);
			path = Blippit;
			sourceTree = "<group>";
		};
		3EBAC772227C30A500D5C693 /* Frameworks */ = {
			isa = PBXGroup;
			children = (
				EC546BEB2387F5E1003142FA /* PodzKit.framework */,
				3E97FA4F228053BF003419AE /* Nimble.framework */,
				3E97FA4D228053B2003419AE /* Quick.framework */,
				3E97FA412280385B003419AE /* Cuckoo.framework */,
			);
			name = Frameworks;
			sourceTree = "<group>";
		};
		3EC79744228026F100AD79CE /* Commons */ = {
			isa = PBXGroup;
			children = (
				3E3EF66A23EAE06300EB1414 /* BundleLocator.swift */,
				3EC79740228025BE00AD79CE /* Cancellable.swift */,
			);
			path = Commons;
			sourceTree = "<group>";
		};
		3EFADD1F228D4BF500B3559A /* Retry Handling */ = {
			isa = PBXGroup;
			children = (
				3EFADD22228D4D5E00B3559A /* RetryHandler.swift */,
				3EFADD24228D4D6500B3559A /* RetryHandlerFactory.swift */,
				3EFADD20228D4D5300B3559A /* RetryHandling.swift */,
			);
			path = "Retry Handling";
			sourceTree = "<group>";
		};
		3EFADD2C228D532300B3559A /* Entrypoint */ = {
			isa = PBXGroup;
			children = (
				830EEF76239E6E4300ED008C /* BlippitInfo.swift */,
				3E20B66923841965001BEB88 /* AppTerminalError.swift */,
				3EFADD2F228D53B100B3559A /* Blippit.swift */,
				3EFADD33228D567E00B3559A /* BlippitDelegate.swift */,
				3E8E0FD12297FB6C001B1C35 /* BlippitSetup.swift */,
				3E1AF01822AA327800066C80 /* BlippitState.swift */,
				3E20B66323841916001BEB88 /* BluetoothError.swift */,
				3E20B66123841886001BEB88 /* ConfigurationError.swift */,
				3EFADD35228D56C000B3559A /* DefaultBlippit.swift */,
				3E20B66B23841A25001BEB88 /* LocationError.swift */,
				EC6F8F6623E058C300082721 /* Payload.swift */,
				3E20B6672384194B001BEB88 /* PayloadError.swift */,
			);
			path = Entrypoint;
			sourceTree = "<group>";
		};
/* End PBXGroup section */

/* Begin PBXHeadersBuildPhase section */
		3EBAC760227C2CA200D5C693 /* Headers */ = {
			isa = PBXHeadersBuildPhase;
			buildActionMask = 2147483647;
			files = (
				3EBAC76A227C2CA200D5C693 /* BlippitKit.h in Headers */,
			);
			runOnlyForDeploymentPostprocessing = 0;
		};
/* End PBXHeadersBuildPhase section */

/* Begin PBXNativeTarget section */
		3E428BDD2297EB670038FBB9 /* BlippitKitTest */ = {
			isa = PBXNativeTarget;
			buildConfigurationList = 3E428BEF2297EB680038FBB9 /* Build configuration list for PBXNativeTarget "BlippitKitTest" */;
			buildPhases = (
				3E428BDA2297EB670038FBB9 /* Sources */,
				3E428BDB2297EB670038FBB9 /* Frameworks */,
				3E428BDC2297EB670038FBB9 /* Resources */,
				3E428BF42297EC690038FBB9 /* Embed Frameworks */,
			);
			buildRules = (
			);
			dependencies = (
				3E428BF82297EC6C0038FBB9 /* PBXTargetDependency */,
			);
			name = BlippitKitTest;
			productName = BlippitTest;
			productReference = 3E428BDE2297EB670038FBB9 /* BlippitKitTest.app */;
			productType = "com.apple.product-type.application";
		};
		3E97FA2F22803641003419AE /* BlippitKitTests */ = {
			isa = PBXNativeTarget;
			buildConfigurationList = 3E97FA3A22803641003419AE /* Build configuration list for PBXNativeTarget "BlippitKitTests" */;
			buildPhases = (
				3E97FA4A22804ADA003419AE /* ShellScript */,
				3E97FA2C22803641003419AE /* Sources */,
				3E97FA2D22803641003419AE /* Frameworks */,
				3E97FA2E22803641003419AE /* Resources */,
				3E97FA3F228037EB003419AE /* CopyFiles */,
			);
			buildRules = (
			);
			dependencies = (
				3E97FA3722803641003419AE /* PBXTargetDependency */,
			);
			name = BlippitKitTests;
			productName = BlippitTests;
			productReference = 3E97FA3022803641003419AE /* BlippitKitTests.xctest */;
			productType = "com.apple.product-type.bundle.unit-test";
		};
		3EBAC764227C2CA200D5C693 /* BlippitKit */ = {
			isa = PBXNativeTarget;
			buildConfigurationList = 3EBAC76D227C2CA200D5C693 /* Build configuration list for PBXNativeTarget "BlippitKit" */;
			buildPhases = (
				3EBAC760227C2CA200D5C693 /* Headers */,
				3EBAC761227C2CA200D5C693 /* Sources */,
				3EBAC762227C2CA200D5C693 /* Frameworks */,
				3EBAC763227C2CA200D5C693 /* Resources */,
				3E60413723C765FF0099CF10 /* SwiftLint */,
			);
			buildRules = (
			);
			dependencies = (
			);
			name = BlippitKit;
			productName = Blippit;
			productReference = 3EBAC765227C2CA200D5C693 /* BlippitKit.framework */;
			productType = "com.apple.product-type.framework";
		};
/* End PBXNativeTarget section */

/* Begin PBXProject section */
		3EBAC75C227C2CA200D5C693 /* Project object */ = {
			isa = PBXProject;
			attributes = {
				LastSwiftUpdateCheck = 1020;
				LastUpgradeCheck = 1010;
				ORGANIZATIONNAME = "Crunchfish AB";
				TargetAttributes = {
					3E428BDD2297EB670038FBB9 = {
						CreatedOnToolsVersion = 10.2.1;
						LastSwiftMigration = 1120;
					};
					3E97FA2F22803641003419AE = {
						CreatedOnToolsVersion = 10.2.1;
						LastSwiftMigration = 1020;
					};
					3EBAC764227C2CA200D5C693 = {
						CreatedOnToolsVersion = 10.1;
						LastSwiftMigration = 1020;
					};
				};
			};
			buildConfigurationList = 3EBAC75F227C2CA200D5C693 /* Build configuration list for PBXProject "BlippitKit" */;
			compatibilityVersion = "Xcode 9.3";
			developmentRegion = en;
			hasScannedForEncodings = 0;
			knownRegions = (
				en,
				Base,
			);
			mainGroup = 3EBAC75B227C2CA200D5C693;
			productRefGroup = 3EBAC766227C2CA200D5C693 /* Products */;
			projectDirPath = "";
			projectRoot = "";
			targets = (
				3EBAC764227C2CA200D5C693 /* BlippitKit */,
				3E97FA2F22803641003419AE /* BlippitKitTests */,
				3E428BDD2297EB670038FBB9 /* BlippitKitTest */,
			);
		};
/* End PBXProject section */

/* Begin PBXResourcesBuildPhase section */
		3E428BDC2297EB670038FBB9 /* Resources */ = {
			isa = PBXResourcesBuildPhase;
			buildActionMask = 2147483647;
			files = (
				3EAABD6C2297F3E500C0A37A /* MainViewController.storyboard in Resources */,
				3E428BEB2297EB680038FBB9 /* LaunchScreen.storyboard in Resources */,
				3E428BE82297EB680038FBB9 /* Assets.xcassets in Resources */,
				3EB8228E229BC72100826236 /* Secular_One.ttf in Resources */,
			);
			runOnlyForDeploymentPostprocessing = 0;
		};
		3E97FA2E22803641003419AE /* Resources */ = {
			isa = PBXResourcesBuildPhase;
			buildActionMask = 2147483647;
			files = (
			);
			runOnlyForDeploymentPostprocessing = 0;
		};
		3EBAC763227C2CA200D5C693 /* Resources */ = {
			isa = PBXResourcesBuildPhase;
			buildActionMask = 2147483647;
			files = (
			);
			runOnlyForDeploymentPostprocessing = 0;
		};
/* End PBXResourcesBuildPhase section */

/* Begin PBXShellScriptBuildPhase section */
		3E60413723C765FF0099CF10 /* SwiftLint */ = {
			isa = PBXShellScriptBuildPhase;
			buildActionMask = 2147483647;
			files = (
			);
			inputFileListPaths = (
			);
			inputPaths = (
			);
			name = SwiftLint;
			outputFileListPaths = (
			);
			outputPaths = (
			);
			runOnlyForDeploymentPostprocessing = 0;
			shellPath = /bin/sh;
			shellScript = "if which swiftlint >/dev/null; then\ncd ${PROJECT_DIR}/Blippit\necho \"Project directory: ${PROJECT_DIR}/Blippit\"\npwd\nswiftlint\nelse\necho \"warning: SwiftLint not installed, download from https://github.com/realm/SwiftLint\"\nfi\n";
		};
		3E97FA4A22804ADA003419AE /* ShellScript */ = {
			isa = PBXShellScriptBuildPhase;
			buildActionMask = 2147483647;
			files = (
			);
			inputFileListPaths = (
			);
			inputPaths = (
				"$(PROJECT_DIR)/BlippitTests/Mocks/DummyPodz.swift",
				"$(PROJECT_DIR)/Blippit/State Handling/StateDelegate.swift",
				"$(PROJECT_DIR)/Blippit/State Handling/DefaultPodzStatusObservingState.swift",
				"$(PROJECT_DIR)/Blippit/Commons/Cancellable.swift",
				"$(PROJECT_DIR)/BlippitTests/Mocks/DummyDefaultPodzStatusObservingState.swift",
				"$(PROJECT_DIR)/BlippitTests/Mocks/DummyPod.swift",
				"$(PROJECT_DIR)/BlippitTests/Mocks/DummyPodSession.swift",
			);
			outputFileListPaths = (
			);
			outputPaths = (
				"${PROJECT_DIR}/BlippitTests/Mocks/Mocks.generated.swift",
			);
			runOnlyForDeploymentPostprocessing = 0;
			shellPath = /bin/sh;
			shellScript = "# Define output file. Change \"${PROJECT_DIR}/${PROJECT_NAME}Tests\" to your test's root source folder, if it's not the default name.\nOUTPUT_FILE=\"${PROJECT_DIR}/BlippitTests/Mocks/Mocks.generated.swift\"\necho \"Generated Mocks File = ${OUTPUT_FILE}\"\n\n# Define input directory. Change \"${PROJECT_DIR}/${PROJECT_NAME}\" to your project's root source folder, if it's not the default name.\nINPUT_DIR=\"${PROJECT_DIR}/Blippit\"\necho \"Mocks Input Directory = ${INPUT_DIR}\"\n\n# Generate mock files, include as many input files as you'd like to create mocks for.\n\"${PROJECT_DIR}/Carthage/Checkouts/Cuckoo/run\" generate --testable \"${PROJECT_NAME}\" \\\n--output \"${OUTPUT_FILE}\"\n# ... and so forth, the last line should never end with a backslash\n\n# After running once, locate `Mocks.generated.swift` and drag it into your Xcode test target group.\n";
		};
/* End PBXShellScriptBuildPhase section */

/* Begin PBXSourcesBuildPhase section */
		3E428BDA2297EB670038FBB9 /* Sources */ = {
			isa = PBXSourcesBuildPhase;
			buildActionMask = 2147483647;
			files = (
				3EDB14B423604E130026889F /* Payload+Random.swift in Sources */,
				3E4D4BEA23EC593700B6040D /* KeyboardHandler.swift in Sources */,
				3E65B3C823EB825B00456BFB /* BlippitState+LogDescription.swift in Sources */,
				3E3EF65223EACC8B00EB1414 /* Vibrate.m in Sources */,
				3E4D4BEC23EC593700B6040D /* KeyboardHandling.swift in Sources */,
				3E4D4BDD23EC1E1F00B6040D /* SimpleLinearGradientView.swift in Sources */,
				3E428BE12297EB670038FBB9 /* AppDelegate.swift in Sources */,
				3E4D4BED23EC593700B6040D /* KeyboardInfo.swift in Sources */,
				3EAABD6F2297F42500C0A37A /* UIView+CornerRadius.swift in Sources */,
				3EAABD672297EEB800C0A37A /* MainViewController.swift in Sources */,
				3E540F1323ED9AD2005DA811 /* PropertyKeys+Blippit.swift in Sources */,
				3E3EF67123EAE1A000EB1414 /* PropertyStorage+Shared.swift in Sources */,
				3E3EF67023EAE1A000EB1414 /* PropertyStorage.swift in Sources */,
				3EAABD6A2297F3C200C0A37A /* Error+LogDescription.swift in Sources */,
			);
			runOnlyForDeploymentPostprocessing = 0;
		};
		3E97FA2C22803641003419AE /* Sources */ = {
			isa = PBXSourcesBuildPhase;
			buildActionMask = 2147483647;
			files = (
				3E38F9192281AB9300C114B7 /* DummyPodz.swift in Sources */,
				3E97FA4722804537003419AE /* Mocks.generated.swift in Sources */,
				3E722AFE237421B500A1E6F7 /* StateTransition+Equatable.swift in Sources */,
				3E38F91F2281C44000C114B7 /* DefaultPodzStatusObservingStateSpec.swift in Sources */,
				3EC4DE4F22830CA2007A05C9 /* WaitForBlipStateSpec.swift in Sources */,
				3EC4DE4B228308D4007A05C9 /* DummyPod.swift in Sources */,
				3E23C252228C4B4E00DA3305 /* StateOutput+Equatable.swift in Sources */,
				3E38F91D2281BB2F00C114B7 /* DummyDefaultPodzStatusObservingState.swift in Sources */,
				3EC4DE4D22830991007A05C9 /* DummyPodSession.swift in Sources */,
				3EFDCAC22282F42400774A21 /* StartingStateSpec.swift in Sources */,
			);
			runOnlyForDeploymentPostprocessing = 0;
		};
		3EBAC761227C2CA200D5C693 /* Sources */ = {
			isa = PBXSourcesBuildPhase;
			buildActionMask = 2147483647;
			files = (
				3E38F90C2281A09600C114B7 /* Startable.swift in Sources */,
				3E38F9162281A2A200C114B7 /* StartingState.swift in Sources */,
				3E23C23D228C2F0800DA3305 /* ValidPodSessionStateObserving.swift in Sources */,
				3EC4DE472283073A007A05C9 /* WaitForBlipState.swift in Sources */,
				3E38F9122281A16500C114B7 /* DefaultPodzStatusObservingState.swift in Sources */,
				3E1AF01922AA327800066C80 /* BlippitState.swift in Sources */,
				3EFADD27228D4D6A00B3559A /* DefaultRetryHandlerFactory.swift in Sources */,
				3E23C241228C35D800DA3305 /* SetupTransferIdState.swift in Sources */,
				3E20B66F2384296F001BEB88 /* ErrorHandling.swift in Sources */,
				3EC4DE45228306F1007A05C9 /* PodStateObserving.swift in Sources */,
				3EFADD30228D53B100B3559A /* Blippit.swift in Sources */,
				3EFADD23228D4D5E00B3559A /* RetryHandler.swift in Sources */,
				3E20B6682384194B001BEB88 /* PayloadError.swift in Sources */,
				EC6F8F6723E058C300082721 /* Payload.swift in Sources */,
				3EDB14B92360820D0026889F /* ScenarioFactory.swift in Sources */,
				3EFADD50228D9D2900B3559A /* SetupTransferIdStateFactory.swift in Sources */,
				3EFADD25228D4D6500B3559A /* RetryHandlerFactory.swift in Sources */,
				3E20B66A23841965001BEB88 /* AppTerminalError.swift in Sources */,
				3EFADD34228D567E00B3559A /* BlippitDelegate.swift in Sources */,
				3EB82292229C019400826236 /* Log.swift in Sources */,
				3EFADD21228D4D5300B3559A /* RetryHandling.swift in Sources */,
				3E20B66C23841A25001BEB88 /* LocationError.swift in Sources */,
				3E23C23F228C32FD00DA3305 /* DefaultPodSessionStateObservingState.swift in Sources */,
				3EFADD36228D56C000B3559A /* DefaultBlippit.swift in Sources */,
				3E540F1223ED9AB2005DA811 /* PropertyKeys+Blippit.swift in Sources */,
				3EFADD4E228D9B0000B3559A /* DefaultWaitForBlipStateFactory.swift in Sources */,
				3EDB14B7236081A40026889F /* ScenarioDelegate.swift in Sources */,
				3E3EF65523EAD3C300EB1414 /* PropertyStorage.swift in Sources */,
				3E3EF65F23EADA9800EB1414 /* PropertyStorage+Shared.swift in Sources */,
				3EAE57292358958100645E7A /* TransferPayerIdStateFactory.swift in Sources */,
				3E38F90822819EE300C114B7 /* StateOutput.swift in Sources */,
				3E20B66223841886001BEB88 /* ConfigurationError.swift in Sources */,
				3E20B6712384299E001BEB88 /* ErrorHandler.swift in Sources */,
				3E0652F0235F3517009B9B93 /* Scenario.swift in Sources */,
				3EE673B822B77D78004EC0E5 /* WaitForPodStateFactory.swift in Sources */,
				830EEF77239E6E4300ED008C /* BlippitInfo.swift in Sources */,
				3E38F90E2281A0ED00C114B7 /* PodzStatusObserving.swift in Sources */,
				3E23C239228C2AA800DA3305 /* CancellablePodSessionState.swift in Sources */,
				3EE673B422B77BF2004EC0E5 /* NewPodObserving.swift in Sources */,
				3EFADD29228D4D8A00B3559A /* TransferIdState.swift in Sources */,
				3EAE57272358918E00645E7A /* TransferPayerIdState.swift in Sources */,
				3EC79741228025BE00AD79CE /* Cancellable.swift in Sources */,
				3E0652F6235F3EF9009B9B93 /* PayerIdScenario.swift in Sources */,
				3EE673BA22B77DD0004EC0E5 /* DefaultWaitForPodStateFactory.swift in Sources */,
				3EDB14BD236082F60026889F /* PayerIdScenarioFactory.swift in Sources */,
				3E4D1E7F23741EF000DE7187 /* StateTransition.swift in Sources */,
				3EFADD52228D9D8200B3559A /* DefaultSetupTransferIdStateFactory.swift in Sources */,
				3EB82297229C1AD000826236 /* State+LogDescription.swift in Sources */,
				3EAE572B235895AB00645E7A /* DefaultTransferPayerIdStateFactory.swift in Sources */,
				3EFADD48228D999800B3559A /* StartingStateFactory.swift in Sources */,
				3EB82295229C1A9000826236 /* Error+LogDescription.swift in Sources */,
				3E23C23B228C2E0100DA3305 /* PodSessionStateObserving.swift in Sources */,
				3E9DF2BF23C84BAA00C4AB37 /* BaseScenario.swift in Sources */,
				3E38F90622819EB100C114B7 /* State.swift in Sources */,
				3E3EF66B23EAE06300EB1414 /* BundleLocator.swift in Sources */,
				3EFADD4C228D9ADF00B3559A /* WaitForBlipStateFactory.swift in Sources */,
				3E8E0FD22297FB6C001B1C35 /* BlippitSetup.swift in Sources */,
				3E722B002374295600A1E6F7 /* LostPodObserving.swift in Sources */,
				3E23C245228C3DC700DA3305 /* CancellationHandler.swift in Sources */,
				3EFADD4A228D99BB00B3559A /* DefaultStartingStateFactory.swift in Sources */,
				3E20B66423841916001BEB88 /* BluetoothError.swift in Sources */,
				3EE673B622B77C6E004EC0E5 /* WaitForPodState.swift in Sources */,
				3E38F90A22819F3600C114B7 /* StateDelegate.swift in Sources */,
			);
			runOnlyForDeploymentPostprocessing = 0;
		};
/* End PBXSourcesBuildPhase section */

/* Begin PBXTargetDependency section */
		3E428BF82297EC6C0038FBB9 /* PBXTargetDependency */ = {
			isa = PBXTargetDependency;
			target = 3EBAC764227C2CA200D5C693 /* BlippitKit */;
			targetProxy = 3E428BF72297EC6C0038FBB9 /* PBXContainerItemProxy */;
		};
		3E97FA3722803641003419AE /* PBXTargetDependency */ = {
			isa = PBXTargetDependency;
			target = 3EBAC764227C2CA200D5C693 /* BlippitKit */;
			targetProxy = 3E97FA3622803641003419AE /* PBXContainerItemProxy */;
		};
/* End PBXTargetDependency section */

/* Begin PBXVariantGroup section */
		3E428BE92297EB680038FBB9 /* LaunchScreen.storyboard */ = {
			isa = PBXVariantGroup;
			children = (
				3E428BEA2297EB680038FBB9 /* Base */,
			);
			name = LaunchScreen.storyboard;
			sourceTree = "<group>";
		};
/* End PBXVariantGroup section */

/* Begin XCBuildConfiguration section */
		3E428BED2297EB680038FBB9 /* Debug */ = {
			isa = XCBuildConfiguration;
			buildSettings = {
				ALWAYS_EMBED_SWIFT_STANDARD_LIBRARIES = YES;
				ASSETCATALOG_COMPILER_APPICON_NAME = AppIcon;
				CLANG_ENABLE_MODULES = YES;
				CODE_SIGN_ENTITLEMENTS = BlippitTest/Resources/BlippitKitTest.entitlements;
				CODE_SIGN_STYLE = Automatic;
				DEVELOPMENT_TEAM = F75CSJAHS9;
				FRAMEWORK_SEARCH_PATHS = (
					"$(inherited)",
					"$(PROJECT_DIR)/Carthage/Build/iOS",
				);
				GCC_PREPROCESSOR_DEFINITIONS = "$(inherited)";
				INFOPLIST_FILE = BlippitTest/Resources/Info.plist;
				IPHONEOS_DEPLOYMENT_TARGET = 11.0;
				LD_RUNPATH_SEARCH_PATHS = (
					"$(inherited)",
					"@executable_path/Frameworks",
				);
				MARKETING_VERSION = 1.1.0;
				PRODUCT_BUNDLE_IDENTIFIER = com.crunchfish.BlippitTest;
				PRODUCT_NAME = "$(TARGET_NAME)";
				SWIFT_ACTIVE_COMPILATION_CONDITIONS = "$(inherited)";
				SWIFT_OBJC_BRIDGING_HEADER = "BlippitTest/Commons/BlippitKitTest-Bridging-Header.h";
				SWIFT_OPTIMIZATION_LEVEL = "-Onone";
				SWIFT_VERSION = 5.0;
				TARGETED_DEVICE_FAMILY = "1,2";
			};
			name = Debug;
		};
		3E7CD6D223044E6700951B5D /* Release */ = {
			isa = XCBuildConfiguration;
			buildSettings = {
				ALWAYS_SEARCH_USER_PATHS = NO;
				CLANG_ANALYZER_NONNULL = YES;
				CLANG_ANALYZER_NUMBER_OBJECT_CONVERSION = YES_AGGRESSIVE;
				CLANG_CXX_LANGUAGE_STANDARD = "gnu++14";
				CLANG_CXX_LIBRARY = "libc++";
				CLANG_ENABLE_MODULES = YES;
				CLANG_ENABLE_OBJC_ARC = YES;
				CLANG_ENABLE_OBJC_WEAK = YES;
				CLANG_WARN_BLOCK_CAPTURE_AUTORELEASING = YES;
				CLANG_WARN_BOOL_CONVERSION = YES;
				CLANG_WARN_COMMA = YES;
				CLANG_WARN_CONSTANT_CONVERSION = YES;
				CLANG_WARN_DEPRECATED_OBJC_IMPLEMENTATIONS = YES;
				CLANG_WARN_DIRECT_OBJC_ISA_USAGE = YES_ERROR;
				CLANG_WARN_DOCUMENTATION_COMMENTS = YES;
				CLANG_WARN_EMPTY_BODY = YES;
				CLANG_WARN_ENUM_CONVERSION = YES;
				CLANG_WARN_INFINITE_RECURSION = YES;
				CLANG_WARN_INT_CONVERSION = YES;
				CLANG_WARN_NON_LITERAL_NULL_CONVERSION = YES;
				CLANG_WARN_OBJC_IMPLICIT_RETAIN_SELF = YES;
				CLANG_WARN_OBJC_LITERAL_CONVERSION = YES;
				CLANG_WARN_OBJC_ROOT_CLASS = YES_ERROR;
				CLANG_WARN_RANGE_LOOP_ANALYSIS = YES;
				CLANG_WARN_STRICT_PROTOTYPES = YES;
				CLANG_WARN_SUSPICIOUS_MOVE = YES;
				CLANG_WARN_UNGUARDED_AVAILABILITY = YES_AGGRESSIVE;
				CLANG_WARN_UNREACHABLE_CODE = YES;
				CLANG_WARN__DUPLICATE_METHOD_MATCH = YES;
				CODE_SIGN_IDENTITY = "iPhone Developer";
				COPY_PHASE_STRIP = NO;
				CURRENT_PROJECT_VERSION = 1;
				DEBUG_INFORMATION_FORMAT = "dwarf-with-dsym";
				ENABLE_NS_ASSERTIONS = NO;
				ENABLE_STRICT_OBJC_MSGSEND = YES;
				GCC_C_LANGUAGE_STANDARD = gnu11;
				GCC_NO_COMMON_BLOCKS = YES;
				GCC_PREPROCESSOR_DEFINITIONS = "";
				GCC_WARN_64_TO_32_BIT_CONVERSION = YES;
				GCC_WARN_ABOUT_RETURN_TYPE = YES_ERROR;
				GCC_WARN_UNDECLARED_SELECTOR = YES;
				GCC_WARN_UNINITIALIZED_AUTOS = YES_AGGRESSIVE;
				GCC_WARN_UNUSED_FUNCTION = YES;
				GCC_WARN_UNUSED_VARIABLE = YES;
				IPHONEOS_DEPLOYMENT_TARGET = 10.0;
				MTL_ENABLE_DEBUG_INFO = NO;
				MTL_FAST_MATH = YES;
				SDKROOT = iphoneos;
				SWIFT_ACTIVE_COMPILATION_CONDITIONS = "";
				SWIFT_COMPILATION_MODE = wholemodule;
				SWIFT_OPTIMIZATION_LEVEL = "-O";
				VALIDATE_PRODUCT = YES;
				VERSIONING_SYSTEM = "apple-generic";
				VERSION_INFO_PREFIX = "";
			};
			name = Release;
		};
		3E7CD6D323044E6700951B5D /* Release */ = {
			isa = XCBuildConfiguration;
			buildSettings = {
				BUILD_LIBRARY_FOR_DISTRIBUTION = YES;
				CLANG_ENABLE_MODULES = YES;
				CLANG_WARN_OBJC_REPEATED_USE_OF_WEAK = YES;
				CODE_SIGN_IDENTITY = "";
				CODE_SIGN_STYLE = Automatic;
				CURRENT_PROJECT_VERSION = 0;
				DEBUG_INFORMATION_FORMAT = "dwarf-with-dsym";
				DEFINES_MODULE = YES;
				DEPLOYMENT_LOCATION = YES;
				DEPLOYMENT_POSTPROCESSING = YES;
				DEVELOPMENT_TEAM = F75CSJAHS9;
				DSTROOT = "$(PROJECT_DIR)/Build";
				DYLIB_COMPATIBILITY_VERSION = 1;
				DYLIB_CURRENT_VERSION = 1;
				DYLIB_INSTALL_NAME_BASE = "@rpath";
				FRAMEWORK_SEARCH_PATHS = (
					"$(inherited)",
					"$(PROJECT_DIR)/Carthage/Build/iOS",
				);
				GCC_PREPROCESSOR_DEFINITIONS = "$(inherited)";
				INFOPLIST_FILE = Blippit/Resources/Info.plist;
				INSTALL_PATH = Frameworks;
				IPHONEOS_DEPLOYMENT_TARGET = 10.0;
				LD_RUNPATH_SEARCH_PATHS = (
					"$(inherited)",
					"@executable_path/Frameworks",
					"@loader_path/Frameworks",
				);
				MARKETING_VERSION = 1.1.0;
				PRODUCT_BUNDLE_IDENTIFIER = com.crunchfish.BlippitKit;
				PRODUCT_NAME = BlippitKit;
				SKIP_INSTALL = NO;
				STRIP_STYLE = "non-global";
				SUPPORTS_MACCATALYST = NO;
				SWIFT_ACTIVE_COMPILATION_CONDITIONS = "$(inherited)";
				SWIFT_VERSION = 5.0;
				TARGETED_DEVICE_FAMILY = "1,2";
			};
			name = Release;
		};
		3E7CD6D423044E6700951B5D /* Release */ = {
			isa = XCBuildConfiguration;
			buildSettings = {
				CLANG_ENABLE_MODULES = YES;
				CODE_SIGN_STYLE = Automatic;
				DEVELOPMENT_TEAM = F75CSJAHS9;
				FRAMEWORK_SEARCH_PATHS = (
					"$(inherited)",
					"$(PROJECT_DIR)/Carthage/Build/iOS",
				);
				GCC_PREPROCESSOR_DEFINITIONS = "$(inherited)";
				INFOPLIST_FILE = BlippitTests/Resources/Info.plist;
				IPHONEOS_DEPLOYMENT_TARGET = 12.2;
				LD_RUNPATH_SEARCH_PATHS = (
					"$(inherited)",
					"@executable_path/Frameworks",
					"@loader_path/Frameworks",
				);
				PRODUCT_BUNDLE_IDENTIFIER = com.crunchfish.BlippitTests;
				PRODUCT_NAME = "$(TARGET_NAME)";
				SWIFT_ACTIVE_COMPILATION_CONDITIONS = "$(inherited)";
				SWIFT_VERSION = 5.0;
				TARGETED_DEVICE_FAMILY = "1,2";
			};
			name = Release;
		};
		3E7CD6D523044E6700951B5D /* Release */ = {
			isa = XCBuildConfiguration;
			buildSettings = {
				ALWAYS_EMBED_SWIFT_STANDARD_LIBRARIES = YES;
				ASSETCATALOG_COMPILER_APPICON_NAME = AppIcon;
				CLANG_ENABLE_MODULES = YES;
				CODE_SIGN_ENTITLEMENTS = BlippitTest/Resources/BlippitKitTest.entitlements;
				CODE_SIGN_STYLE = Automatic;
				DEVELOPMENT_TEAM = F75CSJAHS9;
				FRAMEWORK_SEARCH_PATHS = (
					"$(inherited)",
					"$(PROJECT_DIR)/Carthage/Build/iOS",
				);
				GCC_PREPROCESSOR_DEFINITIONS = "$(inherited)";
				INFOPLIST_FILE = BlippitTest/Resources/Info.plist;
				IPHONEOS_DEPLOYMENT_TARGET = 11.0;
				LD_RUNPATH_SEARCH_PATHS = (
					"$(inherited)",
					"@executable_path/Frameworks",
				);
				MARKETING_VERSION = 1.1.0;
				PRODUCT_BUNDLE_IDENTIFIER = com.crunchfish.BlippitKitTest;
				PRODUCT_NAME = "$(TARGET_NAME)";
				SWIFT_ACTIVE_COMPILATION_CONDITIONS = "$(inherited)";
				SWIFT_OBJC_BRIDGING_HEADER = "BlippitTest/Commons/BlippitKitTest-Bridging-Header.h";
				SWIFT_VERSION = 5.0;
				TARGETED_DEVICE_FAMILY = "1,2";
			};
			name = Release;
		};
		3E97FA3822803641003419AE /* Debug */ = {
			isa = XCBuildConfiguration;
			buildSettings = {
				CLANG_ENABLE_MODULES = YES;
				CODE_SIGN_STYLE = Automatic;
				DEVELOPMENT_TEAM = F75CSJAHS9;
				FRAMEWORK_SEARCH_PATHS = (
					"$(inherited)",
					"$(PROJECT_DIR)/Carthage/Build/iOS",
				);
				GCC_PREPROCESSOR_DEFINITIONS = "$(inherited)";
				INFOPLIST_FILE = BlippitTests/Resources/Info.plist;
				IPHONEOS_DEPLOYMENT_TARGET = 12.2;
				LD_RUNPATH_SEARCH_PATHS = (
					"$(inherited)",
					"@executable_path/Frameworks",
					"@loader_path/Frameworks",
				);
				PRODUCT_BUNDLE_IDENTIFIER = com.crunchfish.BlippitTests;
				PRODUCT_NAME = "$(TARGET_NAME)";
				SWIFT_ACTIVE_COMPILATION_CONDITIONS = "$(inherited)";
				SWIFT_OPTIMIZATION_LEVEL = "-Onone";
				SWIFT_VERSION = 5.0;
				TARGETED_DEVICE_FAMILY = "1,2";
			};
			name = Debug;
		};
		3EBAC76B227C2CA200D5C693 /* Debug */ = {
			isa = XCBuildConfiguration;
			buildSettings = {
				ALWAYS_SEARCH_USER_PATHS = NO;
				CLANG_ANALYZER_NONNULL = YES;
				CLANG_ANALYZER_NUMBER_OBJECT_CONVERSION = YES_AGGRESSIVE;
				CLANG_CXX_LANGUAGE_STANDARD = "gnu++14";
				CLANG_CXX_LIBRARY = "libc++";
				CLANG_ENABLE_MODULES = YES;
				CLANG_ENABLE_OBJC_ARC = YES;
				CLANG_ENABLE_OBJC_WEAK = YES;
				CLANG_WARN_BLOCK_CAPTURE_AUTORELEASING = YES;
				CLANG_WARN_BOOL_CONVERSION = YES;
				CLANG_WARN_COMMA = YES;
				CLANG_WARN_CONSTANT_CONVERSION = YES;
				CLANG_WARN_DEPRECATED_OBJC_IMPLEMENTATIONS = YES;
				CLANG_WARN_DIRECT_OBJC_ISA_USAGE = YES_ERROR;
				CLANG_WARN_DOCUMENTATION_COMMENTS = YES;
				CLANG_WARN_EMPTY_BODY = YES;
				CLANG_WARN_ENUM_CONVERSION = YES;
				CLANG_WARN_INFINITE_RECURSION = YES;
				CLANG_WARN_INT_CONVERSION = YES;
				CLANG_WARN_NON_LITERAL_NULL_CONVERSION = YES;
				CLANG_WARN_OBJC_IMPLICIT_RETAIN_SELF = YES;
				CLANG_WARN_OBJC_LITERAL_CONVERSION = YES;
				CLANG_WARN_OBJC_ROOT_CLASS = YES_ERROR;
				CLANG_WARN_RANGE_LOOP_ANALYSIS = YES;
				CLANG_WARN_STRICT_PROTOTYPES = YES;
				CLANG_WARN_SUSPICIOUS_MOVE = YES;
				CLANG_WARN_UNGUARDED_AVAILABILITY = YES_AGGRESSIVE;
				CLANG_WARN_UNREACHABLE_CODE = YES;
				CLANG_WARN__DUPLICATE_METHOD_MATCH = YES;
				CODE_SIGN_IDENTITY = "iPhone Developer";
				COPY_PHASE_STRIP = NO;
				CURRENT_PROJECT_VERSION = 1;
				DEBUG_INFORMATION_FORMAT = dwarf;
				ENABLE_STRICT_OBJC_MSGSEND = YES;
				ENABLE_TESTABILITY = YES;
				GCC_C_LANGUAGE_STANDARD = gnu11;
				GCC_DYNAMIC_NO_PIC = NO;
				GCC_NO_COMMON_BLOCKS = YES;
				GCC_OPTIMIZATION_LEVEL = 0;
				GCC_PREPROCESSOR_DEFINITIONS = (
					"DEBUG=1",
					"$(inherited)",
				);
				GCC_WARN_64_TO_32_BIT_CONVERSION = YES;
				GCC_WARN_ABOUT_RETURN_TYPE = YES_ERROR;
				GCC_WARN_UNDECLARED_SELECTOR = YES;
				GCC_WARN_UNINITIALIZED_AUTOS = YES_AGGRESSIVE;
				GCC_WARN_UNUSED_FUNCTION = YES;
				GCC_WARN_UNUSED_VARIABLE = YES;
				IPHONEOS_DEPLOYMENT_TARGET = 10.0;
				MTL_ENABLE_DEBUG_INFO = INCLUDE_SOURCE;
				MTL_FAST_MATH = YES;
				ONLY_ACTIVE_ARCH = YES;
				SDKROOT = iphoneos;
				SWIFT_ACTIVE_COMPILATION_CONDITIONS = DEBUG;
				SWIFT_OPTIMIZATION_LEVEL = "-Onone";
				VERSIONING_SYSTEM = "apple-generic";
				VERSION_INFO_PREFIX = "";
			};
			name = Debug;
		};
		3EBAC76E227C2CA200D5C693 /* Debug */ = {
			isa = XCBuildConfiguration;
			buildSettings = {
				BUILD_LIBRARY_FOR_DISTRIBUTION = YES;
				CLANG_ENABLE_MODULES = YES;
				CLANG_WARN_OBJC_REPEATED_USE_OF_WEAK = YES;
				CODE_SIGN_IDENTITY = "";
				CODE_SIGN_STYLE = Automatic;
				CURRENT_PROJECT_VERSION = 0;
				DEBUG_INFORMATION_FORMAT = dwarf;
				DEFINES_MODULE = YES;
				DEPLOYMENT_LOCATION = YES;
				DEVELOPMENT_TEAM = F75CSJAHS9;
				DSTROOT = "$(PROJECT_DIR)/Build";
				DYLIB_COMPATIBILITY_VERSION = 1;
				DYLIB_CURRENT_VERSION = 1;
				DYLIB_INSTALL_NAME_BASE = "@rpath";
				FRAMEWORK_SEARCH_PATHS = (
					"$(inherited)",
					"$(PROJECT_DIR)/Carthage/Build/iOS",
				);
				GCC_PREPROCESSOR_DEFINITIONS = "$(inherited)";
				INFOPLIST_FILE = Blippit/Resources/Info.plist;
				INSTALL_PATH = Frameworks;
				IPHONEOS_DEPLOYMENT_TARGET = 10.0;
				LD_RUNPATH_SEARCH_PATHS = (
					"$(inherited)",
					"@executable_path/Frameworks",
					"@loader_path/Frameworks",
				);
				MARKETING_VERSION = 1.1.0;
				PRODUCT_BUNDLE_IDENTIFIER = com.crunchfish.BlippitKit;
				PRODUCT_NAME = BlippitKit;
				SKIP_INSTALL = NO;
				SUPPORTS_MACCATALYST = NO;
				SWIFT_ACTIVE_COMPILATION_CONDITIONS = "$(inherited)";
				SWIFT_OPTIMIZATION_LEVEL = "-Onone";
				SWIFT_VERSION = 5.0;
				TARGETED_DEVICE_FAMILY = "1,2";
			};
			name = Debug;
		};
/* End XCBuildConfiguration section */

/* Begin XCConfigurationList section */
		3E428BEF2297EB680038FBB9 /* Build configuration list for PBXNativeTarget "BlippitKitTest" */ = {
			isa = XCConfigurationList;
			buildConfigurations = (
				3E428BED2297EB680038FBB9 /* Debug */,
				3E7CD6D523044E6700951B5D /* Release */,
			);
			defaultConfigurationIsVisible = 0;
			defaultConfigurationName = Debug;
		};
		3E97FA3A22803641003419AE /* Build configuration list for PBXNativeTarget "BlippitKitTests" */ = {
			isa = XCConfigurationList;
			buildConfigurations = (
				3E97FA3822803641003419AE /* Debug */,
				3E7CD6D423044E6700951B5D /* Release */,
			);
			defaultConfigurationIsVisible = 0;
			defaultConfigurationName = Debug;
		};
		3EBAC75F227C2CA200D5C693 /* Build configuration list for PBXProject "BlippitKit" */ = {
			isa = XCConfigurationList;
			buildConfigurations = (
				3EBAC76B227C2CA200D5C693 /* Debug */,
				3E7CD6D223044E6700951B5D /* Release */,
			);
			defaultConfigurationIsVisible = 0;
			defaultConfigurationName = Debug;
		};
		3EBAC76D227C2CA200D5C693 /* Build configuration list for PBXNativeTarget "BlippitKit" */ = {
			isa = XCConfigurationList;
			buildConfigurations = (
				3EBAC76E227C2CA200D5C693 /* Debug */,
				3E7CD6D323044E6700951B5D /* Release */,
			);
			defaultConfigurationIsVisible = 0;
			defaultConfigurationName = Debug;
		};
/* End XCConfigurationList section */
	};
	rootObject = 3EBAC75C227C2CA200D5C693 /* Project object */;
}
